// !$*UTF8*$!
{
	archiveVersion = 1;
	classes = {
	};
	objectVersion = 50;
	objects = {

/* Begin PBXBuildFile section */
		323A127C21F06730009891ED /* SuspensionModel.m in Sources */ = {isa = PBXBuildFile; fileRef = 323A127B21F06730009891ED /* SuspensionModel.m */; };
		323A128221F06741009891ED /* CircleButton.m in Sources */ = {isa = PBXBuildFile; fileRef = 323A127E21F06741009891ED /* CircleButton.m */; };
		323A128321F06741009891ED /* SuspensionMenu.m in Sources */ = {isa = PBXBuildFile; fileRef = 323A128021F06741009891ED /* SuspensionMenu.m */; };
		32B0FA122202F6B3000621DE /* UUProgressHUD.m in Sources */ = {isa = PBXBuildFile; fileRef = 32B0FA112202F6B3000621DE /* UUProgressHUD.m */; };
		32B0FA1A2202F9C0000621DE /* UUChatCategory.m in Sources */ = {isa = PBXBuildFile; fileRef = 32B0FA192202F9C0000621DE /* UUChatCategory.m */; };
		32B0FA1D2202FA52000621DE /* UUMessage.m in Sources */ = {isa = PBXBuildFile; fileRef = 32B0FA1B2202FA52000621DE /* UUMessage.m */; };
		32B0FA202202FA5C000621DE /* NSDate+Utils.m in Sources */ = {isa = PBXBuildFile; fileRef = 32B0FA1E2202FA5C000621DE /* NSDate+Utils.m */; };
		32B0FA222202FCA4000621DE /* Chat_record_circle.png in Resources */ = {isa = PBXBuildFile; fileRef = 32B0FA212202FCA4000621DE /* Chat_record_circle.png */; };
		96779DDF3A78897051E0D4B1 /* libPods-澳門物管BMS.a in Frameworks */ = {isa = PBXBuildFile; fileRef = F99EC57492991AD37A255A42 /* libPods-澳門物管BMS.a */; };
		BA03620121F322E1008E0B4A /* AppDelegate+DismissKeyboard.m in Sources */ = {isa = PBXBuildFile; fileRef = BA03620021F322E0008E0B4A /* AppDelegate+DismissKeyboard.m */; };
		BA03620421F3322B008E0B4A /* NoticeSubList.m in Sources */ = {isa = PBXBuildFile; fileRef = BA03620321F3322B008E0B4A /* NoticeSubList.m */; };
		BA04405521F8164400B310EB /* BaseAlertViewController.m in Sources */ = {isa = PBXBuildFile; fileRef = BA04405421F8164400B310EB /* BaseAlertViewController.m */; };
		BA04405921F8168900B310EB /* SelectDatePickerController.m in Sources */ = {isa = PBXBuildFile; fileRef = BA04405721F8168900B310EB /* SelectDatePickerController.m */; };
		BA04405D21F84D0D00B310EB /* Weather.m in Sources */ = {isa = PBXBuildFile; fileRef = BA04405C21F84D0D00B310EB /* Weather.m */; };
		BA04C86221F190D9007A38AF /* UITextView+PlaceHolder.m in Sources */ = {isa = PBXBuildFile; fileRef = BA04C86121F190D9007A38AF /* UITextView+PlaceHolder.m */; };
		BA04C86621F19423007A38AF /* PictureModel.m in Sources */ = {isa = PBXBuildFile; fileRef = BA04C86521F19423007A38AF /* PictureModel.m */; };
		BA04C86A21F1AE82007A38AF /* NSDate+Utils.m in Sources */ = {isa = PBXBuildFile; fileRef = BA04C86921F1AE82007A38AF /* NSDate+Utils.m */; };
		CB017BC821DB294C00BB6BFD /* UserInfoViewController.m in Sources */ = {isa = PBXBuildFile; fileRef = CB017BC621DB294C00BB6BFD /* UserInfoViewController.m */; };
		CB017BC921DB294C00BB6BFD /* UserInfoViewController.xib in Resources */ = {isa = PBXBuildFile; fileRef = CB017BC721DB294C00BB6BFD /* UserInfoViewController.xib */; };
		CB019E9821F0B382004A88D8 /* RequestResultModel.m in Sources */ = {isa = PBXBuildFile; fileRef = CB019E9721F0B382004A88D8 /* RequestResultModel.m */; };
		CB02667F21D8CF3F00561B1C /* LeftViewTableViewCell.m in Sources */ = {isa = PBXBuildFile; fileRef = CB02667D21D8CF3F00561B1C /* LeftViewTableViewCell.m */; };
		CB02668021D8CF3F00561B1C /* LeftViewTableViewCell.xib in Resources */ = {isa = PBXBuildFile; fileRef = CB02667E21D8CF3F00561B1C /* LeftViewTableViewCell.xib */; };
		CB02668421D8D03F00561B1C /* LeftModel.m in Sources */ = {isa = PBXBuildFile; fileRef = CB02668321D8D03F00561B1C /* LeftModel.m */; };
		CB02668721D9057000561B1C /* ZKAlertTool.m in Sources */ = {isa = PBXBuildFile; fileRef = CB02668621D9057000561B1C /* ZKAlertTool.m */; };
		CB02668A21D9059A00561B1C /* LSXPopMenu.m in Sources */ = {isa = PBXBuildFile; fileRef = CB02668821D9059900561B1C /* LSXPopMenu.m */; };
		CB02668D21D9069700561B1C /* UIViewController+Additions.m in Sources */ = {isa = PBXBuildFile; fileRef = CB02668C21D9069700561B1C /* UIViewController+Additions.m */; };
		CB02947A21D3A90500FE55A7 /* BaseModel.m in Sources */ = {isa = PBXBuildFile; fileRef = CB02947921D3A90500FE55A7 /* BaseModel.m */; };
		CB02948121D3AE2900FE55A7 /* SysLocalizable.strings in Resources */ = {isa = PBXBuildFile; fileRef = CB02948321D3AE2900FE55A7 /* SysLocalizable.strings */; };
		CB02948A21D3B99000FE55A7 /* NoticeTableViewCell.m in Sources */ = {isa = PBXBuildFile; fileRef = CB02948821D3B99000FE55A7 /* NoticeTableViewCell.m */; };
		CB02948B21D3B99000FE55A7 /* NoticeTableViewCell.xib in Resources */ = {isa = PBXBuildFile; fileRef = CB02948921D3B99000FE55A7 /* NoticeTableViewCell.xib */; };
		CB04505821D11CAC00EB59D7 /* ReportMaintenanceList.m in Sources */ = {isa = PBXBuildFile; fileRef = CB04505721D11CAC00EB59D7 /* ReportMaintenanceList.m */; };
		CB04505B21D11D0300EB59D7 /* ReportMaintenanceDetail.m in Sources */ = {isa = PBXBuildFile; fileRef = CB04505A21D11D0300EB59D7 /* ReportMaintenanceDetail.m */; };
		CB04505F21D122A000EB59D7 /* NoticeList.m in Sources */ = {isa = PBXBuildFile; fileRef = CB04505E21D122A000EB59D7 /* NoticeList.m */; };
		CB04506221D122CE00EB59D7 /* Notice.m in Sources */ = {isa = PBXBuildFile; fileRef = CB04506121D122CE00EB59D7 /* Notice.m */; };
		CB04506621D126B000EB59D7 /* PlaceRecord.m in Sources */ = {isa = PBXBuildFile; fileRef = CB04506521D126B000EB59D7 /* PlaceRecord.m */; };
		CB04506A21D136FF00EB59D7 /* PlaceList.m in Sources */ = {isa = PBXBuildFile; fileRef = CB04506921D136FF00EB59D7 /* PlaceList.m */; };
		CB04506D21D1374D00EB59D7 /* Place.m in Sources */ = {isa = PBXBuildFile; fileRef = CB04506C21D1374D00EB59D7 /* Place.m */; };
		CB04507121D1464B00EB59D7 /* Community.m in Sources */ = {isa = PBXBuildFile; fileRef = CB04507021D1464B00EB59D7 /* Community.m */; };
		CB05464721C6A43F008BE895 /* MainViewController.m in Sources */ = {isa = PBXBuildFile; fileRef = CB05464621C6A43F008BE895 /* MainViewController.m */; };
		CB05464A21C6A4BB008BE895 /* LeftViewController.m in Sources */ = {isa = PBXBuildFile; fileRef = CB05464921C6A4BB008BE895 /* LeftViewController.m */; };
		CB05465721C6B1FC008BE895 /* AnnouncementViewController.m in Sources */ = {isa = PBXBuildFile; fileRef = CB05465521C6B1FC008BE895 /* AnnouncementViewController.m */; };
		CB05465821C6B1FC008BE895 /* AnnouncementViewController.xib in Resources */ = {isa = PBXBuildFile; fileRef = CB05465621C6B1FC008BE895 /* AnnouncementViewController.xib */; };
		CB05465C21C6B223008BE895 /* ComplainViewController.m in Sources */ = {isa = PBXBuildFile; fileRef = CB05465A21C6B223008BE895 /* ComplainViewController.m */; };
		CB05465D21C6B223008BE895 /* ComplainViewController.xib in Resources */ = {isa = PBXBuildFile; fileRef = CB05465B21C6B223008BE895 /* ComplainViewController.xib */; };
		CB05F35B21E1AB2D00208C5E /* PhotpCollectionViewCell.m in Sources */ = {isa = PBXBuildFile; fileRef = CB05F35921E1AB2D00208C5E /* PhotpCollectionViewCell.m */; };
		CB05F35C21E1AB2D00208C5E /* PhotpCollectionViewCell.xib in Resources */ = {isa = PBXBuildFile; fileRef = CB05F35A21E1AB2D00208C5E /* PhotpCollectionViewCell.xib */; };
		CB05F36021E1AB4200208C5E /* AddCollectionViewCell.m in Sources */ = {isa = PBXBuildFile; fileRef = CB05F35E21E1AB4200208C5E /* AddCollectionViewCell.m */; };
		CB05F36121E1AB4200208C5E /* AddCollectionViewCell.xib in Resources */ = {isa = PBXBuildFile; fileRef = CB05F35F21E1AB4200208C5E /* AddCollectionViewCell.xib */; };
		CB08143421D4F6760018A363 /* LanguageSettingViewController.m in Sources */ = {isa = PBXBuildFile; fileRef = CB08143221D4F6760018A363 /* LanguageSettingViewController.m */; };
		CB08143521D4F6760018A363 /* LanguageSettingViewController.xib in Resources */ = {isa = PBXBuildFile; fileRef = CB08143321D4F6760018A363 /* LanguageSettingViewController.xib */; };
		CB08144221D517F80018A363 /* ChangePswViewController.m in Sources */ = {isa = PBXBuildFile; fileRef = CB08144021D517F80018A363 /* ChangePswViewController.m */; };
		CB08144321D517F80018A363 /* ChangePswViewController.xib in Resources */ = {isa = PBXBuildFile; fileRef = CB08144121D517F80018A363 /* ChangePswViewController.xib */; };
		CB118E6D21EB8C2500F25522 /* UpdateHelper.m in Sources */ = {isa = PBXBuildFile; fileRef = CB118E6C21EB8C2500F25522 /* UpdateHelper.m */; };
		CB18AA0421E6443200B3A232 /* GradientView.m in Sources */ = {isa = PBXBuildFile; fileRef = CB18AA0221E6443200B3A232 /* GradientView.m */; };
		CB42089C21C2B1BA00980B64 /* BaseViewController.m in Sources */ = {isa = PBXBuildFile; fileRef = CB42089B21C2B1BA00980B64 /* BaseViewController.m */; };
		CB42089F21C2B1E600980B64 /* BaseNavigationViewController.m in Sources */ = {isa = PBXBuildFile; fileRef = CB42089E21C2B1E600980B64 /* BaseNavigationViewController.m */; };
		CB4208A321C2B20600980B64 /* LoginViewController.m in Sources */ = {isa = PBXBuildFile; fileRef = CB4208A121C2B20600980B64 /* LoginViewController.m */; };
		CB4208A421C2B20600980B64 /* LoginViewController.xib in Resources */ = {isa = PBXBuildFile; fileRef = CB4208A221C2B20600980B64 /* LoginViewController.xib */; };
		CB5C392F21E39A8C008E3A64 /* NoticeDetailViewController.m in Sources */ = {isa = PBXBuildFile; fileRef = CB5C392D21E39A8C008E3A64 /* NoticeDetailViewController.m */; };
		CB5C393021E39A8C008E3A64 /* NoticeDetailViewController.xib in Resources */ = {isa = PBXBuildFile; fileRef = CB5C392E21E39A8C008E3A64 /* NoticeDetailViewController.xib */; };
		CB6C9BA921C1672200B5A9E9 /* AppDelegate.m in Sources */ = {isa = PBXBuildFile; fileRef = CB6C9BA821C1672200B5A9E9 /* AppDelegate.m */; };
		CB6C9BAC21C1672200B5A9E9 /* ViewController.m in Sources */ = {isa = PBXBuildFile; fileRef = CB6C9BAB21C1672200B5A9E9 /* ViewController.m */; };
		CB6C9BAF21C1672200B5A9E9 /* Main.storyboard in Resources */ = {isa = PBXBuildFile; fileRef = CB6C9BAD21C1672200B5A9E9 /* Main.storyboard */; };
		CB6C9BB121C1672300B5A9E9 /* Assets.xcassets in Resources */ = {isa = PBXBuildFile; fileRef = CB6C9BB021C1672300B5A9E9 /* Assets.xcassets */; };
		CB6C9BB421C1672300B5A9E9 /* LaunchScreen.storyboard in Resources */ = {isa = PBXBuildFile; fileRef = CB6C9BB221C1672300B5A9E9 /* LaunchScreen.storyboard */; };
		CB6C9BB721C1672300B5A9E9 /* main.m in Sources */ = {isa = PBXBuildFile; fileRef = CB6C9BB621C1672300B5A9E9 /* main.m */; };
		CB6C9BC121C1672300B5A9E9 /* ____BMSTests.m in Sources */ = {isa = PBXBuildFile; fileRef = CB6C9BC021C1672300B5A9E9 /* ____BMSTests.m */; };
		CB6C9BCC21C1672300B5A9E9 /* ____BMSUITests.m in Sources */ = {isa = PBXBuildFile; fileRef = CB6C9BCB21C1672300B5A9E9 /* ____BMSUITests.m */; };
		CBCB79BD21CBCA6300BF454D /* ReportMaintenanceTableViewCell.m in Sources */ = {isa = PBXBuildFile; fileRef = CBCB79BB21CBCA6300BF454D /* ReportMaintenanceTableViewCell.m */; };
		CBCB79BE21CBCA6300BF454D /* ReportMaintenanceTableViewCell.xib in Resources */ = {isa = PBXBuildFile; fileRef = CBCB79BC21CBCA6300BF454D /* ReportMaintenanceTableViewCell.xib */; };
		CBCB79C221CBD28500BF454D /* HandlingDetailsViewController.m in Sources */ = {isa = PBXBuildFile; fileRef = CBCB79C021CBD28500BF454D /* HandlingDetailsViewController.m */; };
		CBCB79C321CBD28500BF454D /* HandlingDetailsViewController.xib in Resources */ = {isa = PBXBuildFile; fileRef = CBCB79C121CBD28500BF454D /* HandlingDetailsViewController.xib */; };
		CBCB79C821CBD68500BF454D /* BookingRecordDetailViewController.m in Sources */ = {isa = PBXBuildFile; fileRef = CBCB79C621CBD68500BF454D /* BookingRecordDetailViewController.m */; };
		CBCB79C921CBD68500BF454D /* BookingRecordDetailViewController.xib in Resources */ = {isa = PBXBuildFile; fileRef = CBCB79C721CBD68500BF454D /* BookingRecordDetailViewController.xib */; };
		CBFE45B421C9541C00DD80E4 /* ReportMaintenanceViewController.m in Sources */ = {isa = PBXBuildFile; fileRef = CBFE45B221C9541C00DD80E4 /* ReportMaintenanceViewController.m */; };
		CBFE45B521C9541C00DD80E4 /* ReportMaintenanceViewController.xib in Resources */ = {isa = PBXBuildFile; fileRef = CBFE45B321C9541C00DD80E4 /* ReportMaintenanceViewController.xib */; };
		CBFE45B921C9547600DD80E4 /* ClubhouseReservationViewController.m in Sources */ = {isa = PBXBuildFile; fileRef = CBFE45B721C9547600DD80E4 /* ClubhouseReservationViewController.m */; };
		CBFE45BA21C9547600DD80E4 /* ClubhouseReservationViewController.xib in Resources */ = {isa = PBXBuildFile; fileRef = CBFE45B821C9547600DD80E4 /* ClubhouseReservationViewController.xib */; };
		CBFE45BE21C954DE00DD80E4 /* SettingViewController.m in Sources */ = {isa = PBXBuildFile; fileRef = CBFE45BC21C954DE00DD80E4 /* SettingViewController.m */; };
		CBFE45BF21C954DE00DD80E4 /* SettingViewController.xib in Resources */ = {isa = PBXBuildFile; fileRef = CBFE45BD21C954DE00DD80E4 /* SettingViewController.xib */; };
		CBFE45C321C9557A00DD80E4 /* ContactUSViewController.m in Sources */ = {isa = PBXBuildFile; fileRef = CBFE45C121C9557A00DD80E4 /* ContactUSViewController.m */; };
		CBFE45C421C9557A00DD80E4 /* ContactUSViewController.xib in Resources */ = {isa = PBXBuildFile; fileRef = CBFE45C221C9557A00DD80E4 /* ContactUSViewController.xib */; };
		CBFE45C821C955D600DD80E4 /* BookingRecordViewController.m in Sources */ = {isa = PBXBuildFile; fileRef = CBFE45C621C955D600DD80E4 /* BookingRecordViewController.m */; };
		CBFE45C921C955D600DD80E4 /* BookingRecordViewController.xib in Resources */ = {isa = PBXBuildFile; fileRef = CBFE45C721C955D600DD80E4 /* BookingRecordViewController.xib */; };
		CBFF233921CA8BD80066E00C /* ProcessingStateViewController.m in Sources */ = {isa = PBXBuildFile; fileRef = CBFF233721CA8BD80066E00C /* ProcessingStateViewController.m */; };
		CBFF233A21CA8BD80066E00C /* ProcessingStateViewController.xib in Resources */ = {isa = PBXBuildFile; fileRef = CBFF233821CA8BD80066E00C /* ProcessingStateViewController.xib */; };
		CBFF233F21CAA2110066E00C /* BookingRecordTableViewCell.m in Sources */ = {isa = PBXBuildFile; fileRef = CBFF233D21CAA2110066E00C /* BookingRecordTableViewCell.m */; };
		CBFF234021CAA2110066E00C /* BookingRecordTableViewCell.xib in Resources */ = {isa = PBXBuildFile; fileRef = CBFF233E21CAA2110066E00C /* BookingRecordTableViewCell.xib */; };
		CBFFF13221CF9E2A008BA2A0 /* HttpHelper.m in Sources */ = {isa = PBXBuildFile; fileRef = CBFFF13121CF9E2A008BA2A0 /* HttpHelper.m */; };
		CBFFF13521CF9E48008BA2A0 /* WebAPIHelper.m in Sources */ = {isa = PBXBuildFile; fileRef = CBFFF13421CF9E48008BA2A0 /* WebAPIHelper.m */; };
		CBFFF13821CF9F68008BA2A0 /* CommonUtil.m in Sources */ = {isa = PBXBuildFile; fileRef = CBFFF13721CF9F68008BA2A0 /* CommonUtil.m */; };
		CBFFF13D21CFD7FA008BA2A0 /* ForgetPswViewController.m in Sources */ = {isa = PBXBuildFile; fileRef = CBFFF13B21CFD7FA008BA2A0 /* ForgetPswViewController.m */; };
		CBFFF13E21CFD7FA008BA2A0 /* ForgetPswViewController.xib in Resources */ = {isa = PBXBuildFile; fileRef = CBFFF13C21CFD7FA008BA2A0 /* ForgetPswViewController.xib */; };
		CBFFF14121CFD85C008BA2A0 /* User.m in Sources */ = {isa = PBXBuildFile; fileRef = CBFFF14021CFD85C008BA2A0 /* User.m */; };
/* End PBXBuildFile section */

/* Begin PBXContainerItemProxy section */
		CB6C9BBD21C1672300B5A9E9 /* PBXContainerItemProxy */ = {
			isa = PBXContainerItemProxy;
			containerPortal = CB6C9B9C21C1672200B5A9E9 /* Project object */;
			proxyType = 1;
			remoteGlobalIDString = CB6C9BA321C1672200B5A9E9;
			remoteInfo = "澳門物管BMS";
		};
		CB6C9BC821C1672300B5A9E9 /* PBXContainerItemProxy */ = {
			isa = PBXContainerItemProxy;
			containerPortal = CB6C9B9C21C1672200B5A9E9 /* Project object */;
			proxyType = 1;
			remoteGlobalIDString = CB6C9BA321C1672200B5A9E9;
			remoteInfo = "澳門物管BMS";
		};
/* End PBXContainerItemProxy section */

/* Begin PBXFileReference section */
		323A127A21F06730009891ED /* SuspensionModel.h */ = {isa = PBXFileReference; fileEncoding = 4; lastKnownFileType = sourcecode.c.h; path = SuspensionModel.h; sourceTree = "<group>"; };
		323A127B21F06730009891ED /* SuspensionModel.m */ = {isa = PBXFileReference; fileEncoding = 4; lastKnownFileType = sourcecode.c.objc; path = SuspensionModel.m; sourceTree = "<group>"; };
		323A127E21F06741009891ED /* CircleButton.m */ = {isa = PBXFileReference; fileEncoding = 4; lastKnownFileType = sourcecode.c.objc; path = CircleButton.m; sourceTree = "<group>"; };
		323A127F21F06741009891ED /* CircleButton.h */ = {isa = PBXFileReference; fileEncoding = 4; lastKnownFileType = sourcecode.c.h; path = CircleButton.h; sourceTree = "<group>"; };
		323A128021F06741009891ED /* SuspensionMenu.m */ = {isa = PBXFileReference; fileEncoding = 4; lastKnownFileType = sourcecode.c.objc; path = SuspensionMenu.m; sourceTree = "<group>"; };
		323A128121F06741009891ED /* SuspensionMenu.h */ = {isa = PBXFileReference; fileEncoding = 4; lastKnownFileType = sourcecode.c.h; path = SuspensionMenu.h; sourceTree = "<group>"; };
		32A8CAA421F305FE0064B553 /* 澳門物管BMS.entitlements */ = {isa = PBXFileReference; lastKnownFileType = text.plist.entitlements; path = "澳門物管BMS.entitlements"; sourceTree = "<group>"; };
		32B0FA102202F6B3000621DE /* UUProgressHUD.h */ = {isa = PBXFileReference; fileEncoding = 4; lastKnownFileType = sourcecode.c.h; path = UUProgressHUD.h; sourceTree = "<group>"; };
		32B0FA112202F6B3000621DE /* UUProgressHUD.m */ = {isa = PBXFileReference; fileEncoding = 4; lastKnownFileType = sourcecode.c.objc; path = UUProgressHUD.m; sourceTree = "<group>"; };
		32B0FA182202F9C0000621DE /* UUChatCategory.h */ = {isa = PBXFileReference; fileEncoding = 4; lastKnownFileType = sourcecode.c.h; path = UUChatCategory.h; sourceTree = "<group>"; };
		32B0FA192202F9C0000621DE /* UUChatCategory.m */ = {isa = PBXFileReference; fileEncoding = 4; lastKnownFileType = sourcecode.c.objc; path = UUChatCategory.m; sourceTree = "<group>"; };
		32B0FA1B2202FA52000621DE /* UUMessage.m */ = {isa = PBXFileReference; fileEncoding = 4; lastKnownFileType = sourcecode.c.objc; path = UUMessage.m; sourceTree = "<group>"; };
		32B0FA1C2202FA52000621DE /* UUMessage.h */ = {isa = PBXFileReference; fileEncoding = 4; lastKnownFileType = sourcecode.c.h; path = UUMessage.h; sourceTree = "<group>"; };
		32B0FA1E2202FA5C000621DE /* NSDate+Utils.m */ = {isa = PBXFileReference; fileEncoding = 4; lastKnownFileType = sourcecode.c.objc; path = "NSDate+Utils.m"; sourceTree = "<group>"; };
		32B0FA1F2202FA5C000621DE /* NSDate+Utils.h */ = {isa = PBXFileReference; fileEncoding = 4; lastKnownFileType = sourcecode.c.h; path = "NSDate+Utils.h"; sourceTree = "<group>"; };
		32B0FA212202FCA4000621DE /* Chat_record_circle.png */ = {isa = PBXFileReference; lastKnownFileType = image.png; path = Chat_record_circle.png; sourceTree = "<group>"; };
		6599791A9FC59AB019D01C8F /* Pods-澳門物管BMS.release.xcconfig */ = {isa = PBXFileReference; includeInIndex = 1; lastKnownFileType = text.xcconfig; name = "Pods-澳門物管BMS.release.xcconfig"; path = "Pods/Target Support Files/Pods-澳門物管BMS/Pods-澳門物管BMS.release.xcconfig"; sourceTree = "<group>"; };
		863B3D7D16BEBA5B8018C85D /* Pods-澳門物管BMS.debug.xcconfig */ = {isa = PBXFileReference; includeInIndex = 1; lastKnownFileType = text.xcconfig; name = "Pods-澳門物管BMS.debug.xcconfig"; path = "Pods/Target Support Files/Pods-澳門物管BMS/Pods-澳門物管BMS.debug.xcconfig"; sourceTree = "<group>"; };
		BA0361FF21F322E0008E0B4A /* AppDelegate+DismissKeyboard.h */ = {isa = PBXFileReference; fileEncoding = 4; lastKnownFileType = sourcecode.c.h; path = "AppDelegate+DismissKeyboard.h"; sourceTree = "<group>"; };
		BA03620021F322E0008E0B4A /* AppDelegate+DismissKeyboard.m */ = {isa = PBXFileReference; fileEncoding = 4; lastKnownFileType = sourcecode.c.objc; path = "AppDelegate+DismissKeyboard.m"; sourceTree = "<group>"; };
		BA03620221F3322B008E0B4A /* NoticeSubList.h */ = {isa = PBXFileReference; lastKnownFileType = sourcecode.c.h; path = NoticeSubList.h; sourceTree = "<group>"; };
		BA03620321F3322B008E0B4A /* NoticeSubList.m */ = {isa = PBXFileReference; lastKnownFileType = sourcecode.c.objc; path = NoticeSubList.m; sourceTree = "<group>"; };
		BA04405321F8164400B310EB /* BaseAlertViewController.h */ = {isa = PBXFileReference; fileEncoding = 4; lastKnownFileType = sourcecode.c.h; path = BaseAlertViewController.h; sourceTree = "<group>"; };
		BA04405421F8164400B310EB /* BaseAlertViewController.m */ = {isa = PBXFileReference; fileEncoding = 4; lastKnownFileType = sourcecode.c.objc; path = BaseAlertViewController.m; sourceTree = "<group>"; };
		BA04405721F8168900B310EB /* SelectDatePickerController.m */ = {isa = PBXFileReference; fileEncoding = 4; lastKnownFileType = sourcecode.c.objc; path = SelectDatePickerController.m; sourceTree = "<group>"; };
		BA04405821F8168900B310EB /* SelectDatePickerController.h */ = {isa = PBXFileReference; fileEncoding = 4; lastKnownFileType = sourcecode.c.h; path = SelectDatePickerController.h; sourceTree = "<group>"; };
		BA04405B21F84D0D00B310EB /* Weather.h */ = {isa = PBXFileReference; lastKnownFileType = sourcecode.c.h; path = Weather.h; sourceTree = "<group>"; };
		BA04405C21F84D0D00B310EB /* Weather.m */ = {isa = PBXFileReference; lastKnownFileType = sourcecode.c.objc; path = Weather.m; sourceTree = "<group>"; };
		BA04C86021F190D9007A38AF /* UITextView+PlaceHolder.h */ = {isa = PBXFileReference; lastKnownFileType = sourcecode.c.h; path = "UITextView+PlaceHolder.h"; sourceTree = "<group>"; };
		BA04C86121F190D9007A38AF /* UITextView+PlaceHolder.m */ = {isa = PBXFileReference; lastKnownFileType = sourcecode.c.objc; path = "UITextView+PlaceHolder.m"; sourceTree = "<group>"; };
		BA04C86421F19423007A38AF /* PictureModel.h */ = {isa = PBXFileReference; lastKnownFileType = sourcecode.c.h; path = PictureModel.h; sourceTree = "<group>"; };
		BA04C86521F19423007A38AF /* PictureModel.m */ = {isa = PBXFileReference; lastKnownFileType = sourcecode.c.objc; path = PictureModel.m; sourceTree = "<group>"; };
		BA04C86821F1AE82007A38AF /* NSDate+Utils.h */ = {isa = PBXFileReference; fileEncoding = 4; lastKnownFileType = sourcecode.c.h; path = "NSDate+Utils.h"; sourceTree = "<group>"; };
		BA04C86921F1AE82007A38AF /* NSDate+Utils.m */ = {isa = PBXFileReference; fileEncoding = 4; lastKnownFileType = sourcecode.c.objc; path = "NSDate+Utils.m"; sourceTree = "<group>"; };
		CB017BC521DB294C00BB6BFD /* UserInfoViewController.h */ = {isa = PBXFileReference; lastKnownFileType = sourcecode.c.h; path = UserInfoViewController.h; sourceTree = "<group>"; };
		CB017BC621DB294C00BB6BFD /* UserInfoViewController.m */ = {isa = PBXFileReference; lastKnownFileType = sourcecode.c.objc; path = UserInfoViewController.m; sourceTree = "<group>"; };
		CB017BC721DB294C00BB6BFD /* UserInfoViewController.xib */ = {isa = PBXFileReference; lastKnownFileType = file.xib; path = UserInfoViewController.xib; sourceTree = "<group>"; };
		CB019E9621F0B382004A88D8 /* RequestResultModel.h */ = {isa = PBXFileReference; lastKnownFileType = sourcecode.c.h; path = RequestResultModel.h; sourceTree = "<group>"; };
		CB019E9721F0B382004A88D8 /* RequestResultModel.m */ = {isa = PBXFileReference; lastKnownFileType = sourcecode.c.objc; path = RequestResultModel.m; sourceTree = "<group>"; };
		CB02667C21D8CF3F00561B1C /* LeftViewTableViewCell.h */ = {isa = PBXFileReference; lastKnownFileType = sourcecode.c.h; path = LeftViewTableViewCell.h; sourceTree = "<group>"; };
		CB02667D21D8CF3F00561B1C /* LeftViewTableViewCell.m */ = {isa = PBXFileReference; lastKnownFileType = sourcecode.c.objc; path = LeftViewTableViewCell.m; sourceTree = "<group>"; };
		CB02667E21D8CF3F00561B1C /* LeftViewTableViewCell.xib */ = {isa = PBXFileReference; lastKnownFileType = file.xib; path = LeftViewTableViewCell.xib; sourceTree = "<group>"; };
		CB02668221D8D03F00561B1C /* LeftModel.h */ = {isa = PBXFileReference; lastKnownFileType = sourcecode.c.h; path = LeftModel.h; sourceTree = "<group>"; };
		CB02668321D8D03F00561B1C /* LeftModel.m */ = {isa = PBXFileReference; lastKnownFileType = sourcecode.c.objc; path = LeftModel.m; sourceTree = "<group>"; };
		CB02668521D9057000561B1C /* ZKAlertTool.h */ = {isa = PBXFileReference; fileEncoding = 4; lastKnownFileType = sourcecode.c.h; path = ZKAlertTool.h; sourceTree = "<group>"; };
		CB02668621D9057000561B1C /* ZKAlertTool.m */ = {isa = PBXFileReference; fileEncoding = 4; lastKnownFileType = sourcecode.c.objc; path = ZKAlertTool.m; sourceTree = "<group>"; };
		CB02668821D9059900561B1C /* LSXPopMenu.m */ = {isa = PBXFileReference; fileEncoding = 4; lastKnownFileType = sourcecode.c.objc; path = LSXPopMenu.m; sourceTree = "<group>"; };
		CB02668921D9059A00561B1C /* LSXPopMenu.h */ = {isa = PBXFileReference; fileEncoding = 4; lastKnownFileType = sourcecode.c.h; path = LSXPopMenu.h; sourceTree = "<group>"; };
		CB02668B21D9069700561B1C /* UIViewController+Additions.h */ = {isa = PBXFileReference; fileEncoding = 4; lastKnownFileType = sourcecode.c.h; path = "UIViewController+Additions.h"; sourceTree = "<group>"; };
		CB02668C21D9069700561B1C /* UIViewController+Additions.m */ = {isa = PBXFileReference; fileEncoding = 4; lastKnownFileType = sourcecode.c.objc; path = "UIViewController+Additions.m"; sourceTree = "<group>"; };
		CB02947821D3A90500FE55A7 /* BaseModel.h */ = {isa = PBXFileReference; lastKnownFileType = sourcecode.c.h; path = BaseModel.h; sourceTree = "<group>"; };
		CB02947921D3A90500FE55A7 /* BaseModel.m */ = {isa = PBXFileReference; lastKnownFileType = sourcecode.c.objc; path = BaseModel.m; sourceTree = "<group>"; };
		CB02947D21D3AE0D00FE55A7 /* zh-Hans */ = {isa = PBXFileReference; lastKnownFileType = text.plist.strings; name = "zh-Hans"; path = "zh-Hans.lproj/Main.strings"; sourceTree = "<group>"; };
		CB02947E21D3AE0D00FE55A7 /* zh-Hans */ = {isa = PBXFileReference; lastKnownFileType = text.plist.strings; name = "zh-Hans"; path = "zh-Hans.lproj/LaunchScreen.strings"; sourceTree = "<group>"; };
		CB02947F21D3AE1800FE55A7 /* zh-Hant */ = {isa = PBXFileReference; lastKnownFileType = text.plist.strings; name = "zh-Hant"; path = "zh-Hant.lproj/Main.strings"; sourceTree = "<group>"; };
		CB02948021D3AE1900FE55A7 /* zh-Hant */ = {isa = PBXFileReference; lastKnownFileType = text.plist.strings; name = "zh-Hant"; path = "zh-Hant.lproj/LaunchScreen.strings"; sourceTree = "<group>"; };
		CB02948221D3AE2900FE55A7 /* en */ = {isa = PBXFileReference; lastKnownFileType = text.plist.strings; name = en; path = en.lproj/SysLocalizable.strings; sourceTree = "<group>"; };
		CB02948421D3AE2C00FE55A7 /* zh-Hans */ = {isa = PBXFileReference; lastKnownFileType = text.plist.strings; name = "zh-Hans"; path = "zh-Hans.lproj/SysLocalizable.strings"; sourceTree = "<group>"; };
		CB02948521D3AE2C00FE55A7 /* zh-Hant */ = {isa = PBXFileReference; lastKnownFileType = text.plist.strings; name = "zh-Hant"; path = "zh-Hant.lproj/SysLocalizable.strings"; sourceTree = "<group>"; };
		CB02948721D3B99000FE55A7 /* NoticeTableViewCell.h */ = {isa = PBXFileReference; lastKnownFileType = sourcecode.c.h; path = NoticeTableViewCell.h; sourceTree = "<group>"; };
		CB02948821D3B99000FE55A7 /* NoticeTableViewCell.m */ = {isa = PBXFileReference; lastKnownFileType = sourcecode.c.objc; path = NoticeTableViewCell.m; sourceTree = "<group>"; };
		CB02948921D3B99000FE55A7 /* NoticeTableViewCell.xib */ = {isa = PBXFileReference; lastKnownFileType = file.xib; path = NoticeTableViewCell.xib; sourceTree = "<group>"; };
		CB04505621D11CAC00EB59D7 /* ReportMaintenanceList.h */ = {isa = PBXFileReference; lastKnownFileType = sourcecode.c.h; path = ReportMaintenanceList.h; sourceTree = "<group>"; };
		CB04505721D11CAC00EB59D7 /* ReportMaintenanceList.m */ = {isa = PBXFileReference; lastKnownFileType = sourcecode.c.objc; path = ReportMaintenanceList.m; sourceTree = "<group>"; };
		CB04505921D11D0300EB59D7 /* ReportMaintenanceDetail.h */ = {isa = PBXFileReference; lastKnownFileType = sourcecode.c.h; path = ReportMaintenanceDetail.h; sourceTree = "<group>"; };
		CB04505A21D11D0300EB59D7 /* ReportMaintenanceDetail.m */ = {isa = PBXFileReference; lastKnownFileType = sourcecode.c.objc; path = ReportMaintenanceDetail.m; sourceTree = "<group>"; };
		CB04505D21D122A000EB59D7 /* NoticeList.h */ = {isa = PBXFileReference; lastKnownFileType = sourcecode.c.h; path = NoticeList.h; sourceTree = "<group>"; };
		CB04505E21D122A000EB59D7 /* NoticeList.m */ = {isa = PBXFileReference; lastKnownFileType = sourcecode.c.objc; path = NoticeList.m; sourceTree = "<group>"; };
		CB04506021D122CE00EB59D7 /* Notice.h */ = {isa = PBXFileReference; lastKnownFileType = sourcecode.c.h; path = Notice.h; sourceTree = "<group>"; };
		CB04506121D122CE00EB59D7 /* Notice.m */ = {isa = PBXFileReference; lastKnownFileType = sourcecode.c.objc; path = Notice.m; sourceTree = "<group>"; };
		CB04506421D126B000EB59D7 /* PlaceRecord.h */ = {isa = PBXFileReference; lastKnownFileType = sourcecode.c.h; path = PlaceRecord.h; sourceTree = "<group>"; };
		CB04506521D126B000EB59D7 /* PlaceRecord.m */ = {isa = PBXFileReference; lastKnownFileType = sourcecode.c.objc; path = PlaceRecord.m; sourceTree = "<group>"; };
		CB04506821D136FF00EB59D7 /* PlaceList.h */ = {isa = PBXFileReference; lastKnownFileType = sourcecode.c.h; path = PlaceList.h; sourceTree = "<group>"; };
		CB04506921D136FF00EB59D7 /* PlaceList.m */ = {isa = PBXFileReference; lastKnownFileType = sourcecode.c.objc; path = PlaceList.m; sourceTree = "<group>"; };
		CB04506B21D1374D00EB59D7 /* Place.h */ = {isa = PBXFileReference; lastKnownFileType = sourcecode.c.h; path = Place.h; sourceTree = "<group>"; };
		CB04506C21D1374D00EB59D7 /* Place.m */ = {isa = PBXFileReference; lastKnownFileType = sourcecode.c.objc; path = Place.m; sourceTree = "<group>"; };
		CB04506F21D1464B00EB59D7 /* Community.h */ = {isa = PBXFileReference; lastKnownFileType = sourcecode.c.h; path = Community.h; sourceTree = "<group>"; };
		CB04507021D1464B00EB59D7 /* Community.m */ = {isa = PBXFileReference; lastKnownFileType = sourcecode.c.objc; path = Community.m; sourceTree = "<group>"; };
		CB05464521C6A43F008BE895 /* MainViewController.h */ = {isa = PBXFileReference; lastKnownFileType = sourcecode.c.h; path = MainViewController.h; sourceTree = "<group>"; };
		CB05464621C6A43F008BE895 /* MainViewController.m */ = {isa = PBXFileReference; lastKnownFileType = sourcecode.c.objc; path = MainViewController.m; sourceTree = "<group>"; };
		CB05464821C6A4BB008BE895 /* LeftViewController.h */ = {isa = PBXFileReference; lastKnownFileType = sourcecode.c.h; path = LeftViewController.h; sourceTree = "<group>"; };
		CB05464921C6A4BB008BE895 /* LeftViewController.m */ = {isa = PBXFileReference; lastKnownFileType = sourcecode.c.objc; path = LeftViewController.m; sourceTree = "<group>"; };
		CB05464B21C6A920008BE895 /* PropetyManagement-prefix.pch */ = {isa = PBXFileReference; lastKnownFileType = sourcecode.c.h; path = "PropetyManagement-prefix.pch"; sourceTree = "<group>"; };
		CB05464C21C6A97C008BE895 /* StaticString.h */ = {isa = PBXFileReference; lastKnownFileType = sourcecode.c.h; path = StaticString.h; sourceTree = "<group>"; };
		CB05465421C6B1FC008BE895 /* AnnouncementViewController.h */ = {isa = PBXFileReference; lastKnownFileType = sourcecode.c.h; path = AnnouncementViewController.h; sourceTree = "<group>"; };
		CB05465521C6B1FC008BE895 /* AnnouncementViewController.m */ = {isa = PBXFileReference; lastKnownFileType = sourcecode.c.objc; path = AnnouncementViewController.m; sourceTree = "<group>"; };
		CB05465621C6B1FC008BE895 /* AnnouncementViewController.xib */ = {isa = PBXFileReference; lastKnownFileType = file.xib; path = AnnouncementViewController.xib; sourceTree = "<group>"; };
		CB05465921C6B223008BE895 /* ComplainViewController.h */ = {isa = PBXFileReference; lastKnownFileType = sourcecode.c.h; path = ComplainViewController.h; sourceTree = "<group>"; };
		CB05465A21C6B223008BE895 /* ComplainViewController.m */ = {isa = PBXFileReference; lastKnownFileType = sourcecode.c.objc; path = ComplainViewController.m; sourceTree = "<group>"; };
		CB05465B21C6B223008BE895 /* ComplainViewController.xib */ = {isa = PBXFileReference; lastKnownFileType = file.xib; path = ComplainViewController.xib; sourceTree = "<group>"; };
		CB05F35821E1AB2D00208C5E /* PhotpCollectionViewCell.h */ = {isa = PBXFileReference; lastKnownFileType = sourcecode.c.h; path = PhotpCollectionViewCell.h; sourceTree = "<group>"; };
		CB05F35921E1AB2D00208C5E /* PhotpCollectionViewCell.m */ = {isa = PBXFileReference; lastKnownFileType = sourcecode.c.objc; path = PhotpCollectionViewCell.m; sourceTree = "<group>"; };
		CB05F35A21E1AB2D00208C5E /* PhotpCollectionViewCell.xib */ = {isa = PBXFileReference; lastKnownFileType = file.xib; path = PhotpCollectionViewCell.xib; sourceTree = "<group>"; };
		CB05F35D21E1AB4200208C5E /* AddCollectionViewCell.h */ = {isa = PBXFileReference; lastKnownFileType = sourcecode.c.h; path = AddCollectionViewCell.h; sourceTree = "<group>"; };
		CB05F35E21E1AB4200208C5E /* AddCollectionViewCell.m */ = {isa = PBXFileReference; lastKnownFileType = sourcecode.c.objc; path = AddCollectionViewCell.m; sourceTree = "<group>"; };
		CB05F35F21E1AB4200208C5E /* AddCollectionViewCell.xib */ = {isa = PBXFileReference; lastKnownFileType = file.xib; path = AddCollectionViewCell.xib; sourceTree = "<group>"; };
		CB08143121D4F6760018A363 /* LanguageSettingViewController.h */ = {isa = PBXFileReference; lastKnownFileType = sourcecode.c.h; path = LanguageSettingViewController.h; sourceTree = "<group>"; };
		CB08143221D4F6760018A363 /* LanguageSettingViewController.m */ = {isa = PBXFileReference; lastKnownFileType = sourcecode.c.objc; path = LanguageSettingViewController.m; sourceTree = "<group>"; };
		CB08143321D4F6760018A363 /* LanguageSettingViewController.xib */ = {isa = PBXFileReference; lastKnownFileType = file.xib; path = LanguageSettingViewController.xib; sourceTree = "<group>"; };
		CB08143F21D517F80018A363 /* ChangePswViewController.h */ = {isa = PBXFileReference; lastKnownFileType = sourcecode.c.h; path = ChangePswViewController.h; sourceTree = "<group>"; };
		CB08144021D517F80018A363 /* ChangePswViewController.m */ = {isa = PBXFileReference; lastKnownFileType = sourcecode.c.objc; path = ChangePswViewController.m; sourceTree = "<group>"; };
		CB08144121D517F80018A363 /* ChangePswViewController.xib */ = {isa = PBXFileReference; lastKnownFileType = file.xib; path = ChangePswViewController.xib; sourceTree = "<group>"; };
		CB118E6B21EB8C2500F25522 /* UpdateHelper.h */ = {isa = PBXFileReference; fileEncoding = 4; lastKnownFileType = sourcecode.c.h; path = UpdateHelper.h; sourceTree = "<group>"; };
		CB118E6C21EB8C2500F25522 /* UpdateHelper.m */ = {isa = PBXFileReference; fileEncoding = 4; lastKnownFileType = sourcecode.c.objc; path = UpdateHelper.m; sourceTree = "<group>"; };
		CB18AA0221E6443200B3A232 /* GradientView.m */ = {isa = PBXFileReference; fileEncoding = 4; lastKnownFileType = sourcecode.c.objc; path = GradientView.m; sourceTree = "<group>"; };
		CB18AA0321E6443200B3A232 /* GradientView.h */ = {isa = PBXFileReference; fileEncoding = 4; lastKnownFileType = sourcecode.c.h; path = GradientView.h; sourceTree = "<group>"; };
		CB42089A21C2B1BA00980B64 /* BaseViewController.h */ = {isa = PBXFileReference; lastKnownFileType = sourcecode.c.h; path = BaseViewController.h; sourceTree = "<group>"; };
		CB42089B21C2B1BA00980B64 /* BaseViewController.m */ = {isa = PBXFileReference; lastKnownFileType = sourcecode.c.objc; path = BaseViewController.m; sourceTree = "<group>"; };
		CB42089D21C2B1E600980B64 /* BaseNavigationViewController.h */ = {isa = PBXFileReference; lastKnownFileType = sourcecode.c.h; path = BaseNavigationViewController.h; sourceTree = "<group>"; };
		CB42089E21C2B1E600980B64 /* BaseNavigationViewController.m */ = {isa = PBXFileReference; lastKnownFileType = sourcecode.c.objc; path = BaseNavigationViewController.m; sourceTree = "<group>"; };
		CB4208A021C2B20600980B64 /* LoginViewController.h */ = {isa = PBXFileReference; lastKnownFileType = sourcecode.c.h; path = LoginViewController.h; sourceTree = "<group>"; };
		CB4208A121C2B20600980B64 /* LoginViewController.m */ = {isa = PBXFileReference; lastKnownFileType = sourcecode.c.objc; path = LoginViewController.m; sourceTree = "<group>"; };
		CB4208A221C2B20600980B64 /* LoginViewController.xib */ = {isa = PBXFileReference; lastKnownFileType = file.xib; path = LoginViewController.xib; sourceTree = "<group>"; };
		CB5C392C21E39A8C008E3A64 /* NoticeDetailViewController.h */ = {isa = PBXFileReference; lastKnownFileType = sourcecode.c.h; path = NoticeDetailViewController.h; sourceTree = "<group>"; };
		CB5C392D21E39A8C008E3A64 /* NoticeDetailViewController.m */ = {isa = PBXFileReference; lastKnownFileType = sourcecode.c.objc; path = NoticeDetailViewController.m; sourceTree = "<group>"; };
		CB5C392E21E39A8C008E3A64 /* NoticeDetailViewController.xib */ = {isa = PBXFileReference; lastKnownFileType = file.xib; path = NoticeDetailViewController.xib; sourceTree = "<group>"; };
		CB6C9BA421C1672200B5A9E9 /* 澳門物管BMS.app */ = {isa = PBXFileReference; explicitFileType = wrapper.application; includeInIndex = 0; path = "澳門物管BMS.app"; sourceTree = BUILT_PRODUCTS_DIR; };
		CB6C9BA721C1672200B5A9E9 /* AppDelegate.h */ = {isa = PBXFileReference; lastKnownFileType = sourcecode.c.h; path = AppDelegate.h; sourceTree = "<group>"; };
		CB6C9BA821C1672200B5A9E9 /* AppDelegate.m */ = {isa = PBXFileReference; lastKnownFileType = sourcecode.c.objc; path = AppDelegate.m; sourceTree = "<group>"; };
		CB6C9BAA21C1672200B5A9E9 /* ViewController.h */ = {isa = PBXFileReference; lastKnownFileType = sourcecode.c.h; path = ViewController.h; sourceTree = "<group>"; };
		CB6C9BAB21C1672200B5A9E9 /* ViewController.m */ = {isa = PBXFileReference; lastKnownFileType = sourcecode.c.objc; path = ViewController.m; sourceTree = "<group>"; };
		CB6C9BAE21C1672200B5A9E9 /* Base */ = {isa = PBXFileReference; lastKnownFileType = file.storyboard; name = Base; path = Base.lproj/Main.storyboard; sourceTree = "<group>"; };
		CB6C9BB021C1672300B5A9E9 /* Assets.xcassets */ = {isa = PBXFileReference; lastKnownFileType = folder.assetcatalog; path = Assets.xcassets; sourceTree = "<group>"; };
		CB6C9BB321C1672300B5A9E9 /* Base */ = {isa = PBXFileReference; lastKnownFileType = file.storyboard; name = Base; path = Base.lproj/LaunchScreen.storyboard; sourceTree = "<group>"; };
		CB6C9BB521C1672300B5A9E9 /* Info.plist */ = {isa = PBXFileReference; lastKnownFileType = text.plist.xml; path = Info.plist; sourceTree = "<group>"; };
		CB6C9BB621C1672300B5A9E9 /* main.m */ = {isa = PBXFileReference; lastKnownFileType = sourcecode.c.objc; path = main.m; sourceTree = "<group>"; };
		CB6C9BBC21C1672300B5A9E9 /* 澳門物管BMSTests.xctest */ = {isa = PBXFileReference; explicitFileType = wrapper.cfbundle; includeInIndex = 0; path = "澳門物管BMSTests.xctest"; sourceTree = BUILT_PRODUCTS_DIR; };
		CB6C9BC021C1672300B5A9E9 /* ____BMSTests.m */ = {isa = PBXFileReference; lastKnownFileType = sourcecode.c.objc; path = "____BMSTests.m"; sourceTree = "<group>"; };
		CB6C9BC221C1672300B5A9E9 /* Info.plist */ = {isa = PBXFileReference; lastKnownFileType = text.plist.xml; path = Info.plist; sourceTree = "<group>"; };
		CB6C9BC721C1672300B5A9E9 /* 澳門物管BMSUITests.xctest */ = {isa = PBXFileReference; explicitFileType = wrapper.cfbundle; includeInIndex = 0; path = "澳門物管BMSUITests.xctest"; sourceTree = BUILT_PRODUCTS_DIR; };
		CB6C9BCB21C1672300B5A9E9 /* ____BMSUITests.m */ = {isa = PBXFileReference; lastKnownFileType = sourcecode.c.objc; path = "____BMSUITests.m"; sourceTree = "<group>"; };
		CB6C9BCD21C1672300B5A9E9 /* Info.plist */ = {isa = PBXFileReference; lastKnownFileType = text.plist.xml; path = Info.plist; sourceTree = "<group>"; };
		CBCB79BA21CBCA6300BF454D /* ReportMaintenanceTableViewCell.h */ = {isa = PBXFileReference; lastKnownFileType = sourcecode.c.h; path = ReportMaintenanceTableViewCell.h; sourceTree = "<group>"; };
		CBCB79BB21CBCA6300BF454D /* ReportMaintenanceTableViewCell.m */ = {isa = PBXFileReference; lastKnownFileType = sourcecode.c.objc; path = ReportMaintenanceTableViewCell.m; sourceTree = "<group>"; };
		CBCB79BC21CBCA6300BF454D /* ReportMaintenanceTableViewCell.xib */ = {isa = PBXFileReference; lastKnownFileType = file.xib; path = ReportMaintenanceTableViewCell.xib; sourceTree = "<group>"; };
		CBCB79BF21CBD28500BF454D /* HandlingDetailsViewController.h */ = {isa = PBXFileReference; lastKnownFileType = sourcecode.c.h; path = HandlingDetailsViewController.h; sourceTree = "<group>"; };
		CBCB79C021CBD28500BF454D /* HandlingDetailsViewController.m */ = {isa = PBXFileReference; lastKnownFileType = sourcecode.c.objc; path = HandlingDetailsViewController.m; sourceTree = "<group>"; };
		CBCB79C121CBD28500BF454D /* HandlingDetailsViewController.xib */ = {isa = PBXFileReference; lastKnownFileType = file.xib; path = HandlingDetailsViewController.xib; sourceTree = "<group>"; };
		CBCB79C521CBD68500BF454D /* BookingRecordDetailViewController.h */ = {isa = PBXFileReference; lastKnownFileType = sourcecode.c.h; path = BookingRecordDetailViewController.h; sourceTree = "<group>"; };
		CBCB79C621CBD68500BF454D /* BookingRecordDetailViewController.m */ = {isa = PBXFileReference; lastKnownFileType = sourcecode.c.objc; path = BookingRecordDetailViewController.m; sourceTree = "<group>"; };
		CBCB79C721CBD68500BF454D /* BookingRecordDetailViewController.xib */ = {isa = PBXFileReference; lastKnownFileType = file.xib; path = BookingRecordDetailViewController.xib; sourceTree = "<group>"; };
		CBFE45B121C9541C00DD80E4 /* ReportMaintenanceViewController.h */ = {isa = PBXFileReference; lastKnownFileType = sourcecode.c.h; path = ReportMaintenanceViewController.h; sourceTree = "<group>"; };
		CBFE45B221C9541C00DD80E4 /* ReportMaintenanceViewController.m */ = {isa = PBXFileReference; lastKnownFileType = sourcecode.c.objc; path = ReportMaintenanceViewController.m; sourceTree = "<group>"; };
		CBFE45B321C9541C00DD80E4 /* ReportMaintenanceViewController.xib */ = {isa = PBXFileReference; lastKnownFileType = file.xib; path = ReportMaintenanceViewController.xib; sourceTree = "<group>"; };
		CBFE45B621C9547600DD80E4 /* ClubhouseReservationViewController.h */ = {isa = PBXFileReference; lastKnownFileType = sourcecode.c.h; path = ClubhouseReservationViewController.h; sourceTree = "<group>"; };
		CBFE45B721C9547600DD80E4 /* ClubhouseReservationViewController.m */ = {isa = PBXFileReference; lastKnownFileType = sourcecode.c.objc; path = ClubhouseReservationViewController.m; sourceTree = "<group>"; };
		CBFE45B821C9547600DD80E4 /* ClubhouseReservationViewController.xib */ = {isa = PBXFileReference; lastKnownFileType = file.xib; path = ClubhouseReservationViewController.xib; sourceTree = "<group>"; };
		CBFE45BB21C954DE00DD80E4 /* SettingViewController.h */ = {isa = PBXFileReference; lastKnownFileType = sourcecode.c.h; path = SettingViewController.h; sourceTree = "<group>"; };
		CBFE45BC21C954DE00DD80E4 /* SettingViewController.m */ = {isa = PBXFileReference; lastKnownFileType = sourcecode.c.objc; path = SettingViewController.m; sourceTree = "<group>"; };
		CBFE45BD21C954DE00DD80E4 /* SettingViewController.xib */ = {isa = PBXFileReference; lastKnownFileType = file.xib; path = SettingViewController.xib; sourceTree = "<group>"; };
		CBFE45C021C9557A00DD80E4 /* ContactUSViewController.h */ = {isa = PBXFileReference; lastKnownFileType = sourcecode.c.h; path = ContactUSViewController.h; sourceTree = "<group>"; };
		CBFE45C121C9557A00DD80E4 /* ContactUSViewController.m */ = {isa = PBXFileReference; lastKnownFileType = sourcecode.c.objc; path = ContactUSViewController.m; sourceTree = "<group>"; };
		CBFE45C221C9557A00DD80E4 /* ContactUSViewController.xib */ = {isa = PBXFileReference; lastKnownFileType = file.xib; path = ContactUSViewController.xib; sourceTree = "<group>"; };
		CBFE45C521C955D600DD80E4 /* BookingRecordViewController.h */ = {isa = PBXFileReference; lastKnownFileType = sourcecode.c.h; path = BookingRecordViewController.h; sourceTree = "<group>"; };
		CBFE45C621C955D600DD80E4 /* BookingRecordViewController.m */ = {isa = PBXFileReference; lastKnownFileType = sourcecode.c.objc; path = BookingRecordViewController.m; sourceTree = "<group>"; };
		CBFE45C721C955D600DD80E4 /* BookingRecordViewController.xib */ = {isa = PBXFileReference; lastKnownFileType = file.xib; path = BookingRecordViewController.xib; sourceTree = "<group>"; };
		CBFF233621CA8BD80066E00C /* ProcessingStateViewController.h */ = {isa = PBXFileReference; lastKnownFileType = sourcecode.c.h; path = ProcessingStateViewController.h; sourceTree = "<group>"; };
		CBFF233721CA8BD80066E00C /* ProcessingStateViewController.m */ = {isa = PBXFileReference; lastKnownFileType = sourcecode.c.objc; path = ProcessingStateViewController.m; sourceTree = "<group>"; };
		CBFF233821CA8BD80066E00C /* ProcessingStateViewController.xib */ = {isa = PBXFileReference; lastKnownFileType = file.xib; path = ProcessingStateViewController.xib; sourceTree = "<group>"; };
		CBFF233C21CAA2110066E00C /* BookingRecordTableViewCell.h */ = {isa = PBXFileReference; lastKnownFileType = sourcecode.c.h; path = BookingRecordTableViewCell.h; sourceTree = "<group>"; };
		CBFF233D21CAA2110066E00C /* BookingRecordTableViewCell.m */ = {isa = PBXFileReference; lastKnownFileType = sourcecode.c.objc; path = BookingRecordTableViewCell.m; sourceTree = "<group>"; };
		CBFF233E21CAA2110066E00C /* BookingRecordTableViewCell.xib */ = {isa = PBXFileReference; lastKnownFileType = file.xib; path = BookingRecordTableViewCell.xib; sourceTree = "<group>"; };
		CBFFF13021CF9E2A008BA2A0 /* HttpHelper.h */ = {isa = PBXFileReference; lastKnownFileType = sourcecode.c.h; path = HttpHelper.h; sourceTree = "<group>"; };
		CBFFF13121CF9E2A008BA2A0 /* HttpHelper.m */ = {isa = PBXFileReference; lastKnownFileType = sourcecode.c.objc; path = HttpHelper.m; sourceTree = "<group>"; };
		CBFFF13321CF9E48008BA2A0 /* WebAPIHelper.h */ = {isa = PBXFileReference; lastKnownFileType = sourcecode.c.h; path = WebAPIHelper.h; sourceTree = "<group>"; };
		CBFFF13421CF9E48008BA2A0 /* WebAPIHelper.m */ = {isa = PBXFileReference; lastKnownFileType = sourcecode.c.objc; path = WebAPIHelper.m; sourceTree = "<group>"; };
		CBFFF13621CF9F68008BA2A0 /* CommonUtil.h */ = {isa = PBXFileReference; lastKnownFileType = sourcecode.c.h; path = CommonUtil.h; sourceTree = "<group>"; };
		CBFFF13721CF9F68008BA2A0 /* CommonUtil.m */ = {isa = PBXFileReference; lastKnownFileType = sourcecode.c.objc; path = CommonUtil.m; sourceTree = "<group>"; };
		CBFFF13921CFA266008BA2A0 /* RequestUrlString.h */ = {isa = PBXFileReference; lastKnownFileType = sourcecode.c.h; path = RequestUrlString.h; sourceTree = "<group>"; };
		CBFFF13A21CFD7FA008BA2A0 /* ForgetPswViewController.h */ = {isa = PBXFileReference; lastKnownFileType = sourcecode.c.h; path = ForgetPswViewController.h; sourceTree = "<group>"; };
		CBFFF13B21CFD7FA008BA2A0 /* ForgetPswViewController.m */ = {isa = PBXFileReference; lastKnownFileType = sourcecode.c.objc; path = ForgetPswViewController.m; sourceTree = "<group>"; };
		CBFFF13C21CFD7FA008BA2A0 /* ForgetPswViewController.xib */ = {isa = PBXFileReference; lastKnownFileType = file.xib; path = ForgetPswViewController.xib; sourceTree = "<group>"; };
		CBFFF13F21CFD85C008BA2A0 /* User.h */ = {isa = PBXFileReference; lastKnownFileType = sourcecode.c.h; path = User.h; sourceTree = "<group>"; };
		CBFFF14021CFD85C008BA2A0 /* User.m */ = {isa = PBXFileReference; lastKnownFileType = sourcecode.c.objc; path = User.m; sourceTree = "<group>"; };
		F99EC57492991AD37A255A42 /* libPods-澳門物管BMS.a */ = {isa = PBXFileReference; explicitFileType = archive.ar; includeInIndex = 0; path = "libPods-澳門物管BMS.a"; sourceTree = BUILT_PRODUCTS_DIR; };
/* End PBXFileReference section */

/* Begin PBXFrameworksBuildPhase section */
		CB6C9BA121C1672200B5A9E9 /* Frameworks */ = {
			isa = PBXFrameworksBuildPhase;
			buildActionMask = 2147483647;
			files = (
				96779DDF3A78897051E0D4B1 /* libPods-澳門物管BMS.a in Frameworks */,
			);
			runOnlyForDeploymentPostprocessing = 0;
		};
		CB6C9BB921C1672300B5A9E9 /* Frameworks */ = {
			isa = PBXFrameworksBuildPhase;
			buildActionMask = 2147483647;
			files = (
			);
			runOnlyForDeploymentPostprocessing = 0;
		};
		CB6C9BC421C1672300B5A9E9 /* Frameworks */ = {
			isa = PBXFrameworksBuildPhase;
			buildActionMask = 2147483647;
			files = (
			);
			runOnlyForDeploymentPostprocessing = 0;
		};
/* End PBXFrameworksBuildPhase section */

/* Begin PBXGroup section */
		323A127921F0670F009891ED /* model */ = {
			isa = PBXGroup;
			children = (
				323A127A21F06730009891ED /* SuspensionModel.h */,
				323A127B21F06730009891ED /* SuspensionModel.m */,
			);
			path = model;
			sourceTree = "<group>";
		};
		323A127D21F06733009891ED /* view */ = {
			isa = PBXGroup;
			children = (
				323A127F21F06741009891ED /* CircleButton.h */,
				323A127E21F06741009891ED /* CircleButton.m */,
				323A128121F06741009891ED /* SuspensionMenu.h */,
				323A128021F06741009891ED /* SuspensionMenu.m */,
			);
			path = view;
			sourceTree = "<group>";
		};
		755944FFF401CE30DE5CDD3C /* Pods */ = {
			isa = PBXGroup;
			children = (
				863B3D7D16BEBA5B8018C85D /* Pods-澳門物管BMS.debug.xcconfig */,
				6599791A9FC59AB019D01C8F /* Pods-澳門物管BMS.release.xcconfig */,
			);
			name = Pods;
			sourceTree = "<group>";
		};
		87F35F44167638350883E74C /* Frameworks */ = {
			isa = PBXGroup;
			children = (
				F99EC57492991AD37A255A42 /* libPods-澳門物管BMS.a */,
			);
			name = Frameworks;
			sourceTree = "<group>";
		};
		BA0361FE21F322CB008E0B4A /* KeyBoard */ = {
			isa = PBXGroup;
			children = (
				BA0361FF21F322E0008E0B4A /* AppDelegate+DismissKeyboard.h */,
				BA03620021F322E0008E0B4A /* AppDelegate+DismissKeyboard.m */,
			);
			path = KeyBoard;
			sourceTree = "<group>";
		};
		BA04405621F8167800B310EB /* selectDate */ = {
			isa = PBXGroup;
			children = (
				BA04405821F8168900B310EB /* SelectDatePickerController.h */,
				BA04405721F8168900B310EB /* SelectDatePickerController.m */,
			);
			path = selectDate;
			sourceTree = "<group>";
		};
		BA04405A21F84CE800B310EB /* 天气 */ = {
			isa = PBXGroup;
			children = (
				BA04405B21F84D0D00B310EB /* Weather.h */,
				BA04405C21F84D0D00B310EB /* Weather.m */,
			);
			path = "天气";
			sourceTree = "<group>";
		};
		BA04C85F21F19095007A38AF /* UITextView+PlaceHolder */ = {
			isa = PBXGroup;
			children = (
				BA04C86021F190D9007A38AF /* UITextView+PlaceHolder.h */,
				BA04C86121F190D9007A38AF /* UITextView+PlaceHolder.m */,
			);
			path = "UITextView+PlaceHolder";
			sourceTree = "<group>";
		};
		BA04C86321F193DD007A38AF /* 图片 */ = {
			isa = PBXGroup;
			children = (
				BA04C86421F19423007A38AF /* PictureModel.h */,
				BA04C86521F19423007A38AF /* PictureModel.m */,
			);
			path = "图片";
			sourceTree = "<group>";
		};
		BA04C86721F1AE5E007A38AF /* NSDate */ = {
			isa = PBXGroup;
			children = (
				BA04C86821F1AE82007A38AF /* NSDate+Utils.h */,
				BA04C86921F1AE82007A38AF /* NSDate+Utils.m */,
			);
			path = NSDate;
			sourceTree = "<group>";
		};
		CB017BC021DB17BD00BB6BFD /* 悬浮 */ = {
			isa = PBXGroup;
			children = (
				323A127D21F06733009891ED /* view */,
				323A127921F0670F009891ED /* model */,
			);
			path = "悬浮";
			sourceTree = "<group>";
		};
		CB017BC421DB28FF00BB6BFD /* 個人信息 */ = {
			isa = PBXGroup;
			children = (
				CB017BC521DB294C00BB6BFD /* UserInfoViewController.h */,
				CB017BC621DB294C00BB6BFD /* UserInfoViewController.m */,
				CB017BC721DB294C00BB6BFD /* UserInfoViewController.xib */,
			);
			path = "個人信息";
			sourceTree = "<group>";
		};
		CB02667B21D8CEFC00561B1C /* LeftViewCell */ = {
			isa = PBXGroup;
			children = (
				CB02667C21D8CF3F00561B1C /* LeftViewTableViewCell.h */,
				CB02667D21D8CF3F00561B1C /* LeftViewTableViewCell.m */,
				CB02667E21D8CF3F00561B1C /* LeftViewTableViewCell.xib */,
			);
			path = LeftViewCell;
			sourceTree = "<group>";
		};
		CB02668121D8CFFE00561B1C /* LeftModel */ = {
			isa = PBXGroup;
			children = (
				CB02668221D8D03F00561B1C /* LeftModel.h */,
				CB02668321D8D03F00561B1C /* LeftModel.m */,
			);
			path = LeftModel;
			sourceTree = "<group>";
		};
		CB02947721D3A89000FE55A7 /* base */ = {
			isa = PBXGroup;
			children = (
				CB02947821D3A90500FE55A7 /* BaseModel.h */,
				CB02947921D3A90500FE55A7 /* BaseModel.m */,
			);
			path = base;
			sourceTree = "<group>";
		};
		CB02948621D3B93E00FE55A7 /* 公告 */ = {
			isa = PBXGroup;
			children = (
				CB02948721D3B99000FE55A7 /* NoticeTableViewCell.h */,
				CB02948821D3B99000FE55A7 /* NoticeTableViewCell.m */,
				CB02948921D3B99000FE55A7 /* NoticeTableViewCell.xib */,
			);
			path = "公告";
			sourceTree = "<group>";
		};
		CB04505521D11C3800EB59D7 /* 投訴報修 */ = {
			isa = PBXGroup;
			children = (
				CB04505621D11CAC00EB59D7 /* ReportMaintenanceList.h */,
				CB04505721D11CAC00EB59D7 /* ReportMaintenanceList.m */,
				CB04505921D11D0300EB59D7 /* ReportMaintenanceDetail.h */,
				CB04505A21D11D0300EB59D7 /* ReportMaintenanceDetail.m */,
			);
			path = "投訴報修";
			sourceTree = "<group>";
		};
		CB04505C21D1227000EB59D7 /* 公告 */ = {
			isa = PBXGroup;
			children = (
				CB04505D21D122A000EB59D7 /* NoticeList.h */,
				CB04505E21D122A000EB59D7 /* NoticeList.m */,
				CB04506021D122CE00EB59D7 /* Notice.h */,
				CB04506121D122CE00EB59D7 /* Notice.m */,
				BA03620221F3322B008E0B4A /* NoticeSubList.h */,
				BA03620321F3322B008E0B4A /* NoticeSubList.m */,
			);
			path = "公告";
			sourceTree = "<group>";
		};
		CB04506321D1259B00EB59D7 /* 訂場紀錄 */ = {
			isa = PBXGroup;
			children = (
				CB04506421D126B000EB59D7 /* PlaceRecord.h */,
				CB04506521D126B000EB59D7 /* PlaceRecord.m */,
			);
			path = "訂場紀錄";
			sourceTree = "<group>";
		};
		CB04506721D136E800EB59D7 /* 場地 */ = {
			isa = PBXGroup;
			children = (
				CB04506821D136FF00EB59D7 /* PlaceList.h */,
				CB04506921D136FF00EB59D7 /* PlaceList.m */,
				CB04506B21D1374D00EB59D7 /* Place.h */,
				CB04506C21D1374D00EB59D7 /* Place.m */,
			);
			path = "場地";
			sourceTree = "<group>";
		};
		CB04506E21D1460800EB59D7 /* 社區 */ = {
			isa = PBXGroup;
			children = (
				CB04506F21D1464B00EB59D7 /* Community.h */,
				CB04507021D1464B00EB59D7 /* Community.m */,
			);
			path = "社區";
			sourceTree = "<group>";
		};
		CB05464421C6A338008BE895 /* 主頁 */ = {
			isa = PBXGroup;
			children = (
				CB05464521C6A43F008BE895 /* MainViewController.h */,
				CB05464621C6A43F008BE895 /* MainViewController.m */,
				CB05464821C6A4BB008BE895 /* LeftViewController.h */,
				CB05464921C6A4BB008BE895 /* LeftViewController.m */,
			);
			path = "主頁";
			sourceTree = "<group>";
		};
		CB05464D21C6B129008BE895 /* 訂場紀錄 */ = {
			isa = PBXGroup;
			children = (
				CBFE45C521C955D600DD80E4 /* BookingRecordViewController.h */,
				CBFE45C621C955D600DD80E4 /* BookingRecordViewController.m */,
				CBFE45C721C955D600DD80E4 /* BookingRecordViewController.xib */,
				CBCB79C521CBD68500BF454D /* BookingRecordDetailViewController.h */,
				CBCB79C621CBD68500BF454D /* BookingRecordDetailViewController.m */,
				CBCB79C721CBD68500BF454D /* BookingRecordDetailViewController.xib */,
			);
			path = "訂場紀錄";
			sourceTree = "<group>";
		};
		CB05464E21C6B142008BE895 /* 聯繫我們 */ = {
			isa = PBXGroup;
			children = (
				CBFE45C021C9557A00DD80E4 /* ContactUSViewController.h */,
				CBFE45C121C9557A00DD80E4 /* ContactUSViewController.m */,
				CBFE45C221C9557A00DD80E4 /* ContactUSViewController.xib */,
			);
			path = "聯繫我們";
			sourceTree = "<group>";
		};
		CB05464F21C6B151008BE895 /* 設定 */ = {
			isa = PBXGroup;
			children = (
				CBFE45BB21C954DE00DD80E4 /* SettingViewController.h */,
				CBFE45BC21C954DE00DD80E4 /* SettingViewController.m */,
				CBFE45BD21C954DE00DD80E4 /* SettingViewController.xib */,
			);
			path = "設定";
			sourceTree = "<group>";
		};
		CB05465021C6B16E008BE895 /* 會所預定 */ = {
			isa = PBXGroup;
			children = (
				CBFE45B621C9547600DD80E4 /* ClubhouseReservationViewController.h */,
				CBFE45B721C9547600DD80E4 /* ClubhouseReservationViewController.m */,
				CBFE45B821C9547600DD80E4 /* ClubhouseReservationViewController.xib */,
			);
			path = "會所預定";
			sourceTree = "<group>";
		};
		CB05465121C6B182008BE895 /* 報事報修 */ = {
			isa = PBXGroup;
			children = (
				CBFE45B121C9541C00DD80E4 /* ReportMaintenanceViewController.h */,
				CBFE45B221C9541C00DD80E4 /* ReportMaintenanceViewController.m */,
				CBFE45B321C9541C00DD80E4 /* ReportMaintenanceViewController.xib */,
				CBFF233621CA8BD80066E00C /* ProcessingStateViewController.h */,
				CBFF233721CA8BD80066E00C /* ProcessingStateViewController.m */,
				CBFF233821CA8BD80066E00C /* ProcessingStateViewController.xib */,
				CBCB79BF21CBD28500BF454D /* HandlingDetailsViewController.h */,
				CBCB79C021CBD28500BF454D /* HandlingDetailsViewController.m */,
				CBCB79C121CBD28500BF454D /* HandlingDetailsViewController.xib */,
			);
			path = "報事報修";
			sourceTree = "<group>";
		};
		CB05465221C6B1A2008BE895 /* 投訴 */ = {
			isa = PBXGroup;
			children = (
				CB05465921C6B223008BE895 /* ComplainViewController.h */,
				CB05465A21C6B223008BE895 /* ComplainViewController.m */,
				CB05465B21C6B223008BE895 /* ComplainViewController.xib */,
			);
			path = "投訴";
			sourceTree = "<group>";
		};
		CB05465321C6B1C3008BE895 /* 公告 */ = {
			isa = PBXGroup;
			children = (
				CB05465421C6B1FC008BE895 /* AnnouncementViewController.h */,
				CB05465521C6B1FC008BE895 /* AnnouncementViewController.m */,
				CB05465621C6B1FC008BE895 /* AnnouncementViewController.xib */,
				CB5C392C21E39A8C008E3A64 /* NoticeDetailViewController.h */,
				CB5C392D21E39A8C008E3A64 /* NoticeDetailViewController.m */,
				CB5C392E21E39A8C008E3A64 /* NoticeDetailViewController.xib */,
			);
			path = "公告";
			sourceTree = "<group>";
		};
		CB0654E321D79F4700A78CD9 /* LSXPopMenu */ = {
			isa = PBXGroup;
			children = (
				CB02668921D9059A00561B1C /* LSXPopMenu.h */,
				CB02668821D9059900561B1C /* LSXPopMenu.m */,
			);
			path = LSXPopMenu;
			sourceTree = "<group>";
		};
		CB08143021D4F63A0018A363 /* 語言設定 */ = {
			isa = PBXGroup;
			children = (
				CB08143121D4F6760018A363 /* LanguageSettingViewController.h */,
				CB08143221D4F6760018A363 /* LanguageSettingViewController.m */,
				CB08143321D4F6760018A363 /* LanguageSettingViewController.xib */,
			);
			path = "語言設定";
			sourceTree = "<group>";
		};
		CB08143A21D502CF0018A363 /* ZKAlertTool */ = {
			isa = PBXGroup;
			children = (
				CB02668B21D9069700561B1C /* UIViewController+Additions.h */,
				CB02668C21D9069700561B1C /* UIViewController+Additions.m */,
				CB02668521D9057000561B1C /* ZKAlertTool.h */,
				CB02668621D9057000561B1C /* ZKAlertTool.m */,
			);
			path = ZKAlertTool;
			sourceTree = "<group>";
		};
		CB08143E21D5179B0018A363 /* 修改密碼 */ = {
			isa = PBXGroup;
			children = (
				CB08143F21D517F80018A363 /* ChangePswViewController.h */,
				CB08144021D517F80018A363 /* ChangePswViewController.m */,
				CB08144121D517F80018A363 /* ChangePswViewController.xib */,
			);
			path = "修改密碼";
			sourceTree = "<group>";
		};
		CB118E6A21EB8BFB00F25522 /* updateHelper */ = {
			isa = PBXGroup;
			children = (
				CB118E6B21EB8C2500F25522 /* UpdateHelper.h */,
				CB118E6C21EB8C2500F25522 /* UpdateHelper.m */,
			);
			path = updateHelper;
			sourceTree = "<group>";
		};
		CB42089321C2B13400980B64 /* common */ = {
			isa = PBXGroup;
			children = (
				CBCB79C421CBD2A000BF454D /* util */,
				CB42089921C2B19C00980B64 /* base */,
			);
			path = common;
			sourceTree = "<group>";
		};
		CB42089421C2B13E00980B64 /* main */ = {
			isa = PBXGroup;
			children = (
				32B0FA212202FCA4000621DE /* Chat_record_circle.png */,
				CB6C9BA721C1672200B5A9E9 /* AppDelegate.h */,
				CB6C9BA821C1672200B5A9E9 /* AppDelegate.m */,
				CB6C9BAA21C1672200B5A9E9 /* ViewController.h */,
				CB6C9BAB21C1672200B5A9E9 /* ViewController.m */,
				CB05464B21C6A920008BE895 /* PropetyManagement-prefix.pch */,
				CB05464C21C6A97C008BE895 /* StaticString.h */,
			);
			path = main;
			sourceTree = "<group>";
		};
		CB42089521C2B16F00980B64 /* model */ = {
			isa = PBXGroup;
			children = (
				BA04405A21F84CE800B310EB /* 天气 */,
				BA04C86321F193DD007A38AF /* 图片 */,
				CB02668121D8CFFE00561B1C /* LeftModel */,
				CB02947721D3A89000FE55A7 /* base */,
				CB04506E21D1460800EB59D7 /* 社區 */,
				CB04506721D136E800EB59D7 /* 場地 */,
				CB04506321D1259B00EB59D7 /* 訂場紀錄 */,
				CB04505C21D1227000EB59D7 /* 公告 */,
				CB04505521D11C3800EB59D7 /* 投訴報修 */,
				CBFFF13F21CFD85C008BA2A0 /* User.h */,
				CBFFF14021CFD85C008BA2A0 /* User.m */,
			);
			path = model;
			sourceTree = "<group>";
		};
		CB42089621C2B17600980B64 /* view */ = {
			isa = PBXGroup;
			children = (
				CB017BC021DB17BD00BB6BFD /* 悬浮 */,
				CB02667B21D8CEFC00561B1C /* LeftViewCell */,
				CB02948621D3B93E00FE55A7 /* 公告 */,
				CBCB79B921CBCA2D00BF454D /* 報修 */,
				CBFF233B21CAA1BE0066E00C /* 訂場紀錄 */,
			);
			path = view;
			sourceTree = "<group>";
		};
		CB42089721C2B17D00980B64 /* controller */ = {
			isa = PBXGroup;
			children = (
				CB017BC421DB28FF00BB6BFD /* 個人信息 */,
				CB08143E21D5179B0018A363 /* 修改密碼 */,
				CB08143021D4F63A0018A363 /* 語言設定 */,
				CB05465321C6B1C3008BE895 /* 公告 */,
				CB05465221C6B1A2008BE895 /* 投訴 */,
				CB05465121C6B182008BE895 /* 報事報修 */,
				CB05465021C6B16E008BE895 /* 會所預定 */,
				CB05464F21C6B151008BE895 /* 設定 */,
				CB05464E21C6B142008BE895 /* 聯繫我們 */,
				CB05464D21C6B129008BE895 /* 訂場紀錄 */,
				CB05464421C6A338008BE895 /* 主頁 */,
				CB42089821C2B18D00980B64 /* 登陸 */,
			);
			path = controller;
			sourceTree = "<group>";
		};
		CB42089821C2B18D00980B64 /* 登陸 */ = {
			isa = PBXGroup;
			children = (
				CB4208A021C2B20600980B64 /* LoginViewController.h */,
				CB4208A121C2B20600980B64 /* LoginViewController.m */,
				CB4208A221C2B20600980B64 /* LoginViewController.xib */,
				CBFFF13A21CFD7FA008BA2A0 /* ForgetPswViewController.h */,
				CBFFF13B21CFD7FA008BA2A0 /* ForgetPswViewController.m */,
				CBFFF13C21CFD7FA008BA2A0 /* ForgetPswViewController.xib */,
			);
			path = "登陸";
			sourceTree = "<group>";
		};
		CB42089921C2B19C00980B64 /* base */ = {
			isa = PBXGroup;
			children = (
				32B0FA1F2202FA5C000621DE /* NSDate+Utils.h */,
				32B0FA1E2202FA5C000621DE /* NSDate+Utils.m */,
				32B0FA1C2202FA52000621DE /* UUMessage.h */,
				32B0FA1B2202FA52000621DE /* UUMessage.m */,
				BA04405321F8164400B310EB /* BaseAlertViewController.h */,
				BA04405421F8164400B310EB /* BaseAlertViewController.m */,
				32B0FA182202F9C0000621DE /* UUChatCategory.h */,
				32B0FA192202F9C0000621DE /* UUChatCategory.m */,
				CB18AA0321E6443200B3A232 /* GradientView.h */,
				CB18AA0221E6443200B3A232 /* GradientView.m */,
				32B0FA102202F6B3000621DE /* UUProgressHUD.h */,
				32B0FA112202F6B3000621DE /* UUProgressHUD.m */,
				CB42089A21C2B1BA00980B64 /* BaseViewController.h */,
				CB42089B21C2B1BA00980B64 /* BaseViewController.m */,
				CB42089D21C2B1E600980B64 /* BaseNavigationViewController.h */,
				CB42089E21C2B1E600980B64 /* BaseNavigationViewController.m */,
			);
			path = base;
			sourceTree = "<group>";
		};
		CB6C9B9B21C1672200B5A9E9 = {
			isa = PBXGroup;
			children = (
				CB6C9BA621C1672200B5A9E9 /* 澳門物管BMS */,
				CB6C9BBF21C1672300B5A9E9 /* 澳門物管BMSTests */,
				CB6C9BCA21C1672300B5A9E9 /* 澳門物管BMSUITests */,
				CB6C9BA521C1672200B5A9E9 /* Products */,
				755944FFF401CE30DE5CDD3C /* Pods */,
				87F35F44167638350883E74C /* Frameworks */,
			);
			sourceTree = "<group>";
		};
		CB6C9BA521C1672200B5A9E9 /* Products */ = {
			isa = PBXGroup;
			children = (
				CB6C9BA421C1672200B5A9E9 /* 澳門物管BMS.app */,
				CB6C9BBC21C1672300B5A9E9 /* 澳門物管BMSTests.xctest */,
				CB6C9BC721C1672300B5A9E9 /* 澳門物管BMSUITests.xctest */,
			);
			name = Products;
			sourceTree = "<group>";
		};
		CB6C9BA621C1672200B5A9E9 /* 澳門物管BMS */ = {
			isa = PBXGroup;
			children = (
				32A8CAA421F305FE0064B553 /* 澳門物管BMS.entitlements */,
				CB42089321C2B13400980B64 /* common */,
				CB6C9BD921C16BF500B5A9E9 /* class */,
				CB42089421C2B13E00980B64 /* main */,
				CB6C9BAD21C1672200B5A9E9 /* Main.storyboard */,
				CB6C9BB021C1672300B5A9E9 /* Assets.xcassets */,
				CB6C9BB221C1672300B5A9E9 /* LaunchScreen.storyboard */,
				CB6C9BB521C1672300B5A9E9 /* Info.plist */,
				CB6C9BB621C1672300B5A9E9 /* main.m */,
				CB02948321D3AE2900FE55A7 /* SysLocalizable.strings */,
			);
			path = "澳門物管BMS";
			sourceTree = "<group>";
		};
		CB6C9BBF21C1672300B5A9E9 /* 澳門物管BMSTests */ = {
			isa = PBXGroup;
			children = (
				CB6C9BC021C1672300B5A9E9 /* ____BMSTests.m */,
				CB6C9BC221C1672300B5A9E9 /* Info.plist */,
			);
			path = "澳門物管BMSTests";
			sourceTree = "<group>";
		};
		CB6C9BCA21C1672300B5A9E9 /* 澳門物管BMSUITests */ = {
			isa = PBXGroup;
			children = (
				CB6C9BCB21C1672300B5A9E9 /* ____BMSUITests.m */,
				CB6C9BCD21C1672300B5A9E9 /* Info.plist */,
			);
			path = "澳門物管BMSUITests";
			sourceTree = "<group>";
		};
		CB6C9BD921C16BF500B5A9E9 /* class */ = {
			isa = PBXGroup;
			children = (
				CB42089521C2B16F00980B64 /* model */,
				CB42089621C2B17600980B64 /* view */,
				CB42089721C2B17D00980B64 /* controller */,
			);
			path = class;
			sourceTree = "<group>";
		};
		CBCB79B921CBCA2D00BF454D /* 報修 */ = {
			isa = PBXGroup;
			children = (
				CBCB79BA21CBCA6300BF454D /* ReportMaintenanceTableViewCell.h */,
				CBCB79BB21CBCA6300BF454D /* ReportMaintenanceTableViewCell.m */,
				CBCB79BC21CBCA6300BF454D /* ReportMaintenanceTableViewCell.xib */,
				CB05F35821E1AB2D00208C5E /* PhotpCollectionViewCell.h */,
				CB05F35921E1AB2D00208C5E /* PhotpCollectionViewCell.m */,
				CB05F35A21E1AB2D00208C5E /* PhotpCollectionViewCell.xib */,
				CB05F35D21E1AB4200208C5E /* AddCollectionViewCell.h */,
				CB05F35E21E1AB4200208C5E /* AddCollectionViewCell.m */,
				CB05F35F21E1AB4200208C5E /* AddCollectionViewCell.xib */,
			);
			path = "報修";
			sourceTree = "<group>";
		};
		CBCB79C421CBD2A000BF454D /* util */ = {
			isa = PBXGroup;
			children = (
				BA04405621F8167800B310EB /* selectDate */,
				BA0361FE21F322CB008E0B4A /* KeyBoard */,
				BA04C86721F1AE5E007A38AF /* NSDate */,
				BA04C85F21F19095007A38AF /* UITextView+PlaceHolder */,
				CB118E6A21EB8BFB00F25522 /* updateHelper */,
				CB0654E321D79F4700A78CD9 /* LSXPopMenu */,
				CB08143A21D502CF0018A363 /* ZKAlertTool */,
				CBFFF12F21CF9DF4008BA2A0 /* http */,
				CBFFF12E21CF9DE8008BA2A0 /* webAPI */,
				CBFFF13621CF9F68008BA2A0 /* CommonUtil.h */,
				CBFFF13721CF9F68008BA2A0 /* CommonUtil.m */,
				CB019E9621F0B382004A88D8 /* RequestResultModel.h */,
				CB019E9721F0B382004A88D8 /* RequestResultModel.m */,
			);
			path = util;
			sourceTree = "<group>";
		};
		CBFF233B21CAA1BE0066E00C /* 訂場紀錄 */ = {
			isa = PBXGroup;
			children = (
				CBFF233C21CAA2110066E00C /* BookingRecordTableViewCell.h */,
				CBFF233D21CAA2110066E00C /* BookingRecordTableViewCell.m */,
				CBFF233E21CAA2110066E00C /* BookingRecordTableViewCell.xib */,
			);
			path = "訂場紀錄";
			sourceTree = "<group>";
		};
		CBFFF12E21CF9DE8008BA2A0 /* webAPI */ = {
			isa = PBXGroup;
			children = (
				CBFFF13321CF9E48008BA2A0 /* WebAPIHelper.h */,
				CBFFF13421CF9E48008BA2A0 /* WebAPIHelper.m */,
			);
			path = webAPI;
			sourceTree = "<group>";
		};
		CBFFF12F21CF9DF4008BA2A0 /* http */ = {
			isa = PBXGroup;
			children = (
				CBFFF13021CF9E2A008BA2A0 /* HttpHelper.h */,
				CBFFF13121CF9E2A008BA2A0 /* HttpHelper.m */,
				CBFFF13921CFA266008BA2A0 /* RequestUrlString.h */,
			);
			path = http;
			sourceTree = "<group>";
		};
/* End PBXGroup section */

/* Begin PBXNativeTarget section */
		CB6C9BA321C1672200B5A9E9 /* 澳門物管BMS */ = {
			isa = PBXNativeTarget;
			buildConfigurationList = CB6C9BD021C1672300B5A9E9 /* Build configuration list for PBXNativeTarget "澳門物管BMS" */;
			buildPhases = (
				1742CC0D97091C75D5B2070B /* [CP] Check Pods Manifest.lock */,
				CB6C9BA021C1672200B5A9E9 /* Sources */,
				CB6C9BA121C1672200B5A9E9 /* Frameworks */,
				CB6C9BA221C1672200B5A9E9 /* Resources */,
				A9EA66EF326755D374CED9E4 /* [CP] Copy Pods Resources */,
			);
			buildRules = (
			);
			dependencies = (
			);
			name = "澳門物管BMS";
			productName = "澳門物管BMS";
			productReference = CB6C9BA421C1672200B5A9E9 /* 澳門物管BMS.app */;
			productType = "com.apple.product-type.application";
		};
		CB6C9BBB21C1672300B5A9E9 /* 澳門物管BMSTests */ = {
			isa = PBXNativeTarget;
			buildConfigurationList = CB6C9BD321C1672300B5A9E9 /* Build configuration list for PBXNativeTarget "澳門物管BMSTests" */;
			buildPhases = (
				CB6C9BB821C1672300B5A9E9 /* Sources */,
				CB6C9BB921C1672300B5A9E9 /* Frameworks */,
				CB6C9BBA21C1672300B5A9E9 /* Resources */,
			);
			buildRules = (
			);
			dependencies = (
				CB6C9BBE21C1672300B5A9E9 /* PBXTargetDependency */,
			);
			name = "澳門物管BMSTests";
			productName = "澳門物管BMSTests";
			productReference = CB6C9BBC21C1672300B5A9E9 /* 澳門物管BMSTests.xctest */;
			productType = "com.apple.product-type.bundle.unit-test";
		};
		CB6C9BC621C1672300B5A9E9 /* 澳門物管BMSUITests */ = {
			isa = PBXNativeTarget;
			buildConfigurationList = CB6C9BD621C1672300B5A9E9 /* Build configuration list for PBXNativeTarget "澳門物管BMSUITests" */;
			buildPhases = (
				CB6C9BC321C1672300B5A9E9 /* Sources */,
				CB6C9BC421C1672300B5A9E9 /* Frameworks */,
				CB6C9BC521C1672300B5A9E9 /* Resources */,
			);
			buildRules = (
			);
			dependencies = (
				CB6C9BC921C1672300B5A9E9 /* PBXTargetDependency */,
			);
			name = "澳門物管BMSUITests";
			productName = "澳門物管BMSUITests";
			productReference = CB6C9BC721C1672300B5A9E9 /* 澳門物管BMSUITests.xctest */;
			productType = "com.apple.product-type.bundle.ui-testing";
		};
/* End PBXNativeTarget section */

/* Begin PBXProject section */
		CB6C9B9C21C1672200B5A9E9 /* Project object */ = {
			isa = PBXProject;
			attributes = {
				LastUpgradeCheck = 1010;
				ORGANIZATIONNAME = geanguo_lucky;
				TargetAttributes = {
					CB6C9BA321C1672200B5A9E9 = {
						CreatedOnToolsVersion = 10.1;
						SystemCapabilities = {
							com.apple.Push = {
								enabled = 1;
							};
						};
					};
					CB6C9BBB21C1672300B5A9E9 = {
						CreatedOnToolsVersion = 10.1;
						TestTargetID = CB6C9BA321C1672200B5A9E9;
					};
					CB6C9BC621C1672300B5A9E9 = {
						CreatedOnToolsVersion = 10.1;
						TestTargetID = CB6C9BA321C1672200B5A9E9;
					};
				};
			};
			buildConfigurationList = CB6C9B9F21C1672200B5A9E9 /* Build configuration list for PBXProject "澳門物管BMS" */;
			compatibilityVersion = "Xcode 9.3";
			developmentRegion = en;
			hasScannedForEncodings = 0;
			knownRegions = (
				en,
				Base,
				"zh-Hans",
				"zh-Hant",
			);
			mainGroup = CB6C9B9B21C1672200B5A9E9;
			productRefGroup = CB6C9BA521C1672200B5A9E9 /* Products */;
			projectDirPath = "";
			projectRoot = "";
			targets = (
				CB6C9BA321C1672200B5A9E9 /* 澳門物管BMS */,
				CB6C9BBB21C1672300B5A9E9 /* 澳門物管BMSTests */,
				CB6C9BC621C1672300B5A9E9 /* 澳門物管BMSUITests */,
			);
		};
/* End PBXProject section */

/* Begin PBXResourcesBuildPhase section */
		CB6C9BA221C1672200B5A9E9 /* Resources */ = {
			isa = PBXResourcesBuildPhase;
			buildActionMask = 2147483647;
			files = (
				CB02948B21D3B99000FE55A7 /* NoticeTableViewCell.xib in Resources */,
				CB02668021D8CF3F00561B1C /* LeftViewTableViewCell.xib in Resources */,
				CBCB79C921CBD68500BF454D /* BookingRecordDetailViewController.xib in Resources */,
				CB5C393021E39A8C008E3A64 /* NoticeDetailViewController.xib in Resources */,
				CB4208A421C2B20600980B64 /* LoginViewController.xib in Resources */,
				CBCB79BE21CBCA6300BF454D /* ReportMaintenanceTableViewCell.xib in Resources */,
				CB08144321D517F80018A363 /* ChangePswViewController.xib in Resources */,
				CBFFF13E21CFD7FA008BA2A0 /* ForgetPswViewController.xib in Resources */,
				CBFE45C421C9557A00DD80E4 /* ContactUSViewController.xib in Resources */,
				CBCB79C321CBD28500BF454D /* HandlingDetailsViewController.xib in Resources */,
				CBFE45C921C955D600DD80E4 /* BookingRecordViewController.xib in Resources */,
				CBFE45BF21C954DE00DD80E4 /* SettingViewController.xib in Resources */,
				CB05465D21C6B223008BE895 /* ComplainViewController.xib in Resources */,
				CB02948121D3AE2900FE55A7 /* SysLocalizable.strings in Resources */,
				CBFF233A21CA8BD80066E00C /* ProcessingStateViewController.xib in Resources */,
				CB05F35C21E1AB2D00208C5E /* PhotpCollectionViewCell.xib in Resources */,
				CBFF234021CAA2110066E00C /* BookingRecordTableViewCell.xib in Resources */,
				CB08143521D4F6760018A363 /* LanguageSettingViewController.xib in Resources */,
				CBFE45BA21C9547600DD80E4 /* ClubhouseReservationViewController.xib in Resources */,
				CB6C9BB421C1672300B5A9E9 /* LaunchScreen.storyboard in Resources */,
				CB6C9BB121C1672300B5A9E9 /* Assets.xcassets in Resources */,
				CBFE45B521C9541C00DD80E4 /* ReportMaintenanceViewController.xib in Resources */,
				CB6C9BAF21C1672200B5A9E9 /* Main.storyboard in Resources */,
				32B0FA222202FCA4000621DE /* Chat_record_circle.png in Resources */,
				CB05465821C6B1FC008BE895 /* AnnouncementViewController.xib in Resources */,
				CB017BC921DB294C00BB6BFD /* UserInfoViewController.xib in Resources */,
				CB05F36121E1AB4200208C5E /* AddCollectionViewCell.xib in Resources */,
			);
			runOnlyForDeploymentPostprocessing = 0;
		};
		CB6C9BBA21C1672300B5A9E9 /* Resources */ = {
			isa = PBXResourcesBuildPhase;
			buildActionMask = 2147483647;
			files = (
			);
			runOnlyForDeploymentPostprocessing = 0;
		};
		CB6C9BC521C1672300B5A9E9 /* Resources */ = {
			isa = PBXResourcesBuildPhase;
			buildActionMask = 2147483647;
			files = (
			);
			runOnlyForDeploymentPostprocessing = 0;
		};
/* End PBXResourcesBuildPhase section */

/* Begin PBXShellScriptBuildPhase section */
		1742CC0D97091C75D5B2070B /* [CP] Check Pods Manifest.lock */ = {
			isa = PBXShellScriptBuildPhase;
			buildActionMask = 2147483647;
			files = (
			);
			inputFileListPaths = (
			);
			inputPaths = (
				"${PODS_PODFILE_DIR_PATH}/Podfile.lock",
				"${PODS_ROOT}/Manifest.lock",
			);
			name = "[CP] Check Pods Manifest.lock";
			outputFileListPaths = (
			);
			outputPaths = (
				"$(DERIVED_FILE_DIR)/Pods-澳門物管BMS-checkManifestLockResult.txt",
			);
			runOnlyForDeploymentPostprocessing = 0;
			shellPath = /bin/sh;
			shellScript = "diff \"${PODS_PODFILE_DIR_PATH}/Podfile.lock\" \"${PODS_ROOT}/Manifest.lock\" > /dev/null\nif [ $? != 0 ] ; then\n    # print error to STDERR\n    echo \"error: The sandbox is not in sync with the Podfile.lock. Run 'pod install' or update your CocoaPods installation.\" >&2\n    exit 1\nfi\n# This output is used by Xcode 'outputs' to avoid re-running this script phase.\necho \"SUCCESS\" > \"${SCRIPT_OUTPUT_FILE_0}\"\n";
			showEnvVarsInLog = 0;
		};
		A9EA66EF326755D374CED9E4 /* [CP] Copy Pods Resources */ = {
			isa = PBXShellScriptBuildPhase;
			buildActionMask = 2147483647;
			files = (
			);
			inputFileListPaths = (
			);
			inputPaths = (
				"${SRCROOT}/Pods/Target Support Files/Pods-澳門物管BMS/Pods-澳門物管BMS-resources.sh",
				"${PODS_ROOT}/MJRefresh/MJRefresh/MJRefresh.bundle",
				"${PODS_ROOT}/SVProgressHUD/SVProgressHUD/SVProgressHUD.bundle",
			);
			name = "[CP] Copy Pods Resources";
			outputFileListPaths = (
			);
			outputPaths = (
				"${TARGET_BUILD_DIR}/${UNLOCALIZED_RESOURCES_FOLDER_PATH}/MJRefresh.bundle",
				"${TARGET_BUILD_DIR}/${UNLOCALIZED_RESOURCES_FOLDER_PATH}/SVProgressHUD.bundle",
			);
			runOnlyForDeploymentPostprocessing = 0;
			shellPath = /bin/sh;
			shellScript = "\"${SRCROOT}/Pods/Target Support Files/Pods-澳門物管BMS/Pods-澳門物管BMS-resources.sh\"\n";
			showEnvVarsInLog = 0;
		};
/* End PBXShellScriptBuildPhase section */

/* Begin PBXSourcesBuildPhase section */
		CB6C9BA021C1672200B5A9E9 /* Sources */ = {
			isa = PBXSourcesBuildPhase;
			buildActionMask = 2147483647;
			files = (
				CBFFF14121CFD85C008BA2A0 /* User.m in Sources */,
				CB04505F21D122A000EB59D7 /* NoticeList.m in Sources */,
				CB02947A21D3A90500FE55A7 /* BaseModel.m in Sources */,
				CB02668721D9057000561B1C /* ZKAlertTool.m in Sources */,
				32B0FA202202FA5C000621DE /* NSDate+Utils.m in Sources */,
				CBCB79BD21CBCA6300BF454D /* ReportMaintenanceTableViewCell.m in Sources */,
				CB02668A21D9059A00561B1C /* LSXPopMenu.m in Sources */,
				CBFFF13521CF9E48008BA2A0 /* WebAPIHelper.m in Sources */,
				BA04C86221F190D9007A38AF /* UITextView+PlaceHolder.m in Sources */,
				CB04505B21D11D0300EB59D7 /* ReportMaintenanceDetail.m in Sources */,
				CBFE45C821C955D600DD80E4 /* BookingRecordViewController.m in Sources */,
				CB6C9BAC21C1672200B5A9E9 /* ViewController.m in Sources */,
				CB02948A21D3B99000FE55A7 /* NoticeTableViewCell.m in Sources */,
				CB05464A21C6A4BB008BE895 /* LeftViewController.m in Sources */,
				CBCB79C821CBD68500BF454D /* BookingRecordDetailViewController.m in Sources */,
				CBFE45BE21C954DE00DD80E4 /* SettingViewController.m in Sources */,
				CB42089F21C2B1E600980B64 /* BaseNavigationViewController.m in Sources */,
				CB4208A321C2B20600980B64 /* LoginViewController.m in Sources */,
				CB05F35B21E1AB2D00208C5E /* PhotpCollectionViewCell.m in Sources */,
				32B0FA1D2202FA52000621DE /* UUMessage.m in Sources */,
				CB017BC821DB294C00BB6BFD /* UserInfoViewController.m in Sources */,
				BA04C86A21F1AE82007A38AF /* NSDate+Utils.m in Sources */,
				BA03620121F322E1008E0B4A /* AppDelegate+DismissKeyboard.m in Sources */,
				CB42089C21C2B1BA00980B64 /* BaseViewController.m in Sources */,
				323A127C21F06730009891ED /* SuspensionModel.m in Sources */,
				CB08143421D4F6760018A363 /* LanguageSettingViewController.m in Sources */,
				BA04405D21F84D0D00B310EB /* Weather.m in Sources */,
				CBFF233921CA8BD80066E00C /* ProcessingStateViewController.m in Sources */,
				323A128221F06741009891ED /* CircleButton.m in Sources */,
				32B0FA1A2202F9C0000621DE /* UUChatCategory.m in Sources */,
				CB04506A21D136FF00EB59D7 /* PlaceList.m in Sources */,
				CB02667F21D8CF3F00561B1C /* LeftViewTableViewCell.m in Sources */,
				CB05465C21C6B223008BE895 /* ComplainViewController.m in Sources */,
				CB02668421D8D03F00561B1C /* LeftModel.m in Sources */,
				CBCB79C221CBD28500BF454D /* HandlingDetailsViewController.m in Sources */,
				CB02668D21D9069700561B1C /* UIViewController+Additions.m in Sources */,
				CBFE45C321C9557A00DD80E4 /* ContactUSViewController.m in Sources */,
				BA04405921F8168900B310EB /* SelectDatePickerController.m in Sources */,
				CB05465721C6B1FC008BE895 /* AnnouncementViewController.m in Sources */,
				CBFFF13821CF9F68008BA2A0 /* CommonUtil.m in Sources */,
				CB05464721C6A43F008BE895 /* MainViewController.m in Sources */,
				CB118E6D21EB8C2500F25522 /* UpdateHelper.m in Sources */,
				CBFE45B421C9541C00DD80E4 /* ReportMaintenanceViewController.m in Sources */,
				CB04505821D11CAC00EB59D7 /* ReportMaintenanceList.m in Sources */,
				CB18AA0421E6443200B3A232 /* GradientView.m in Sources */,
				CB04506221D122CE00EB59D7 /* Notice.m in Sources */,
				CB04506D21D1374D00EB59D7 /* Place.m in Sources */,
				BA04405521F8164400B310EB /* BaseAlertViewController.m in Sources */,
				32B0FA122202F6B3000621DE /* UUProgressHUD.m in Sources */,
				CB6C9BB721C1672300B5A9E9 /* main.m in Sources */,
				CB019E9821F0B382004A88D8 /* RequestResultModel.m in Sources */,
				CB5C392F21E39A8C008E3A64 /* NoticeDetailViewController.m in Sources */,
				CBFE45B921C9547600DD80E4 /* ClubhouseReservationViewController.m in Sources */,
				323A128321F06741009891ED /* SuspensionMenu.m in Sources */,
				CBFFF13D21CFD7FA008BA2A0 /* ForgetPswViewController.m in Sources */,
				BA04C86621F19423007A38AF /* PictureModel.m in Sources */,
				BA03620421F3322B008E0B4A /* NoticeSubList.m in Sources */,
				CB04506621D126B000EB59D7 /* PlaceRecord.m in Sources */,
				CB6C9BA921C1672200B5A9E9 /* AppDelegate.m in Sources */,
				CB04507121D1464B00EB59D7 /* Community.m in Sources */,
				CBFFF13221CF9E2A008BA2A0 /* HttpHelper.m in Sources */,
				CBFF233F21CAA2110066E00C /* BookingRecordTableViewCell.m in Sources */,
				CB05F36021E1AB4200208C5E /* AddCollectionViewCell.m in Sources */,
				CB08144221D517F80018A363 /* ChangePswViewController.m in Sources */,
			);
			runOnlyForDeploymentPostprocessing = 0;
		};
		CB6C9BB821C1672300B5A9E9 /* Sources */ = {
			isa = PBXSourcesBuildPhase;
			buildActionMask = 2147483647;
			files = (
				CB6C9BC121C1672300B5A9E9 /* ____BMSTests.m in Sources */,
			);
			runOnlyForDeploymentPostprocessing = 0;
		};
		CB6C9BC321C1672300B5A9E9 /* Sources */ = {
			isa = PBXSourcesBuildPhase;
			buildActionMask = 2147483647;
			files = (
				CB6C9BCC21C1672300B5A9E9 /* ____BMSUITests.m in Sources */,
			);
			runOnlyForDeploymentPostprocessing = 0;
		};
/* End PBXSourcesBuildPhase section */

/* Begin PBXTargetDependency section */
		CB6C9BBE21C1672300B5A9E9 /* PBXTargetDependency */ = {
			isa = PBXTargetDependency;
			target = CB6C9BA321C1672200B5A9E9 /* 澳門物管BMS */;
			targetProxy = CB6C9BBD21C1672300B5A9E9 /* PBXContainerItemProxy */;
		};
		CB6C9BC921C1672300B5A9E9 /* PBXTargetDependency */ = {
			isa = PBXTargetDependency;
			target = CB6C9BA321C1672200B5A9E9 /* 澳門物管BMS */;
			targetProxy = CB6C9BC821C1672300B5A9E9 /* PBXContainerItemProxy */;
		};
/* End PBXTargetDependency section */

/* Begin PBXVariantGroup section */
		CB02948321D3AE2900FE55A7 /* SysLocalizable.strings */ = {
			isa = PBXVariantGroup;
			children = (
				CB02948221D3AE2900FE55A7 /* en */,
				CB02948421D3AE2C00FE55A7 /* zh-Hans */,
				CB02948521D3AE2C00FE55A7 /* zh-Hant */,
			);
			name = SysLocalizable.strings;
			sourceTree = "<group>";
		};
		CB6C9BAD21C1672200B5A9E9 /* Main.storyboard */ = {
			isa = PBXVariantGroup;
			children = (
				CB6C9BAE21C1672200B5A9E9 /* Base */,
				CB02947D21D3AE0D00FE55A7 /* zh-Hans */,
				CB02947F21D3AE1800FE55A7 /* zh-Hant */,
			);
			name = Main.storyboard;
			sourceTree = "<group>";
		};
		CB6C9BB221C1672300B5A9E9 /* LaunchScreen.storyboard */ = {
			isa = PBXVariantGroup;
			children = (
				CB6C9BB321C1672300B5A9E9 /* Base */,
				CB02947E21D3AE0D00FE55A7 /* zh-Hans */,
				CB02948021D3AE1900FE55A7 /* zh-Hant */,
			);
			name = LaunchScreen.storyboard;
			sourceTree = "<group>";
		};
/* End PBXVariantGroup section */

/* Begin XCBuildConfiguration section */
		CB6C9BCE21C1672300B5A9E9 /* Debug */ = {
			isa = XCBuildConfiguration;
			buildSettings = {
				ALWAYS_SEARCH_USER_PATHS = NO;
				CLANG_ANALYZER_LOCALIZABILITY_NONLOCALIZED = YES;
				CLANG_ANALYZER_NONNULL = YES;
				CLANG_ANALYZER_NUMBER_OBJECT_CONVERSION = YES_AGGRESSIVE;
				CLANG_CXX_LANGUAGE_STANDARD = "gnu++14";
				CLANG_CXX_LIBRARY = "libc++";
				CLANG_ENABLE_MODULES = YES;
				CLANG_ENABLE_OBJC_ARC = YES;
				CLANG_ENABLE_OBJC_WEAK = YES;
				CLANG_WARN_BLOCK_CAPTURE_AUTORELEASING = YES;
				CLANG_WARN_BOOL_CONVERSION = YES;
				CLANG_WARN_COMMA = YES;
				CLANG_WARN_CONSTANT_CONVERSION = YES;
				CLANG_WARN_DEPRECATED_OBJC_IMPLEMENTATIONS = YES;
				CLANG_WARN_DIRECT_OBJC_ISA_USAGE = YES_ERROR;
				CLANG_WARN_DOCUMENTATION_COMMENTS = YES;
				CLANG_WARN_EMPTY_BODY = YES;
				CLANG_WARN_ENUM_CONVERSION = YES;
				CLANG_WARN_INFINITE_RECURSION = YES;
				CLANG_WARN_INT_CONVERSION = YES;
				CLANG_WARN_NON_LITERAL_NULL_CONVERSION = YES;
				CLANG_WARN_OBJC_IMPLICIT_RETAIN_SELF = YES;
				CLANG_WARN_OBJC_LITERAL_CONVERSION = YES;
				CLANG_WARN_OBJC_ROOT_CLASS = YES_ERROR;
				CLANG_WARN_RANGE_LOOP_ANALYSIS = YES;
				CLANG_WARN_STRICT_PROTOTYPES = YES;
				CLANG_WARN_SUSPICIOUS_MOVE = YES;
				CLANG_WARN_UNGUARDED_AVAILABILITY = YES_AGGRESSIVE;
				CLANG_WARN_UNREACHABLE_CODE = YES;
				CLANG_WARN__DUPLICATE_METHOD_MATCH = YES;
				CODE_SIGN_IDENTITY = "iPhone Developer";
				COPY_PHASE_STRIP = NO;
				DEBUG_INFORMATION_FORMAT = dwarf;
				ENABLE_STRICT_OBJC_MSGSEND = YES;
				ENABLE_TESTABILITY = YES;
				GCC_C_LANGUAGE_STANDARD = gnu11;
				GCC_DYNAMIC_NO_PIC = NO;
				GCC_NO_COMMON_BLOCKS = YES;
				GCC_OPTIMIZATION_LEVEL = 0;
				GCC_PREPROCESSOR_DEFINITIONS = (
					"DEBUG=1",
					"$(inherited)",
				);
				GCC_WARN_64_TO_32_BIT_CONVERSION = YES;
				GCC_WARN_ABOUT_RETURN_TYPE = YES_ERROR;
				GCC_WARN_UNDECLARED_SELECTOR = YES;
				GCC_WARN_UNINITIALIZED_AUTOS = YES_AGGRESSIVE;
				GCC_WARN_UNUSED_FUNCTION = YES;
				GCC_WARN_UNUSED_VARIABLE = YES;
				IPHONEOS_DEPLOYMENT_TARGET = 12.1;
				MTL_ENABLE_DEBUG_INFO = INCLUDE_SOURCE;
				MTL_FAST_MATH = YES;
				ONLY_ACTIVE_ARCH = YES;
				SDKROOT = iphoneos;
			};
			name = Debug;
		};
		CB6C9BCF21C1672300B5A9E9 /* Release */ = {
			isa = XCBuildConfiguration;
			buildSettings = {
				ALWAYS_SEARCH_USER_PATHS = NO;
				CLANG_ANALYZER_LOCALIZABILITY_NONLOCALIZED = YES;
				CLANG_ANALYZER_NONNULL = YES;
				CLANG_ANALYZER_NUMBER_OBJECT_CONVERSION = YES_AGGRESSIVE;
				CLANG_CXX_LANGUAGE_STANDARD = "gnu++14";
				CLANG_CXX_LIBRARY = "libc++";
				CLANG_ENABLE_MODULES = YES;
				CLANG_ENABLE_OBJC_ARC = YES;
				CLANG_ENABLE_OBJC_WEAK = YES;
				CLANG_WARN_BLOCK_CAPTURE_AUTORELEASING = YES;
				CLANG_WARN_BOOL_CONVERSION = YES;
				CLANG_WARN_COMMA = YES;
				CLANG_WARN_CONSTANT_CONVERSION = YES;
				CLANG_WARN_DEPRECATED_OBJC_IMPLEMENTATIONS = YES;
				CLANG_WARN_DIRECT_OBJC_ISA_USAGE = YES_ERROR;
				CLANG_WARN_DOCUMENTATION_COMMENTS = YES;
				CLANG_WARN_EMPTY_BODY = YES;
				CLANG_WARN_ENUM_CONVERSION = YES;
				CLANG_WARN_INFINITE_RECURSION = YES;
				CLANG_WARN_INT_CONVERSION = YES;
				CLANG_WARN_NON_LITERAL_NULL_CONVERSION = YES;
				CLANG_WARN_OBJC_IMPLICIT_RETAIN_SELF = YES;
				CLANG_WARN_OBJC_LITERAL_CONVERSION = YES;
				CLANG_WARN_OBJC_ROOT_CLASS = YES_ERROR;
				CLANG_WARN_RANGE_LOOP_ANALYSIS = YES;
				CLANG_WARN_STRICT_PROTOTYPES = YES;
				CLANG_WARN_SUSPICIOUS_MOVE = YES;
				CLANG_WARN_UNGUARDED_AVAILABILITY = YES_AGGRESSIVE;
				CLANG_WARN_UNREACHABLE_CODE = YES;
				CLANG_WARN__DUPLICATE_METHOD_MATCH = YES;
				CODE_SIGN_IDENTITY = "iPhone Developer";
				COPY_PHASE_STRIP = NO;
				DEBUG_INFORMATION_FORMAT = "dwarf-with-dsym";
				ENABLE_NS_ASSERTIONS = NO;
				ENABLE_STRICT_OBJC_MSGSEND = YES;
				GCC_C_LANGUAGE_STANDARD = gnu11;
				GCC_NO_COMMON_BLOCKS = YES;
				GCC_WARN_64_TO_32_BIT_CONVERSION = YES;
				GCC_WARN_ABOUT_RETURN_TYPE = YES_ERROR;
				GCC_WARN_UNDECLARED_SELECTOR = YES;
				GCC_WARN_UNINITIALIZED_AUTOS = YES_AGGRESSIVE;
				GCC_WARN_UNUSED_FUNCTION = YES;
				GCC_WARN_UNUSED_VARIABLE = YES;
				IPHONEOS_DEPLOYMENT_TARGET = 12.1;
				MTL_ENABLE_DEBUG_INFO = NO;
				MTL_FAST_MATH = YES;
				SDKROOT = iphoneos;
				VALIDATE_PRODUCT = YES;
			};
			name = Release;
		};
		CB6C9BD121C1672300B5A9E9 /* Debug */ = {
			isa = XCBuildConfiguration;
			baseConfigurationReference = 863B3D7D16BEBA5B8018C85D /* Pods-澳門物管BMS.debug.xcconfig */;
			buildSettings = {
				ASSETCATALOG_COMPILER_APPICON_NAME = AppIcon;
				CODE_SIGN_ENTITLEMENTS = "澳門物管BMS/澳門物管BMS.entitlements";
				CODE_SIGN_STYLE = Automatic;
				DEVELOPMENT_TEAM = 72XXW98UJB;
				GCC_PRECOMPILE_PREFIX_HEADER = YES;
				GCC_PREFIX_HEADER = "$(SRCROOT)/澳門物管BMS/main/PropetyManagement-prefix.pch";
				INFOPLIST_FILE = "澳門物管BMS/Info.plist";
				IPHONEOS_DEPLOYMENT_TARGET = 9.0;
				LD_RUNPATH_SEARCH_PATHS = (
					"$(inherited)",
					"@executable_path/Frameworks",
				);
				PRODUCT_BUNDLE_IDENTIFIER = com.hoiba.MacauBMSBeta;
				PRODUCT_NAME = "$(TARGET_NAME)";
				TARGETED_DEVICE_FAMILY = "1,2";
			};
			name = Debug;
		};
		CB6C9BD221C1672300B5A9E9 /* Release */ = {
			isa = XCBuildConfiguration;
			baseConfigurationReference = 6599791A9FC59AB019D01C8F /* Pods-澳門物管BMS.release.xcconfig */;
			buildSettings = {
				ASSETCATALOG_COMPILER_APPICON_NAME = AppIcon;
				CODE_SIGN_ENTITLEMENTS = "澳門物管BMS/澳門物管BMS.entitlements";
				CODE_SIGN_STYLE = Automatic;
				DEVELOPMENT_TEAM = 72XXW98UJB;
				GCC_PRECOMPILE_PREFIX_HEADER = YES;
				GCC_PREFIX_HEADER = "$(SRCROOT)/澳門物管BMS/main/PropetyManagement-prefix.pch";
				INFOPLIST_FILE = "澳門物管BMS/Info.plist";
				IPHONEOS_DEPLOYMENT_TARGET = 9.0;
				LD_RUNPATH_SEARCH_PATHS = (
					"$(inherited)",
					"@executable_path/Frameworks",
				);
				PRODUCT_BUNDLE_IDENTIFIER = com.hoiba.MacauBMSBeta;
				PRODUCT_NAME = "$(TARGET_NAME)";
				TARGETED_DEVICE_FAMILY = "1,2";
			};
			name = Release;
		};
		CB6C9BD421C1672300B5A9E9 /* Debug */ = {
			isa = XCBuildConfiguration;
			buildSettings = {
				BUNDLE_LOADER = "$(TEST_HOST)";
				CODE_SIGN_STYLE = Automatic;
				INFOPLIST_FILE = "澳門物管BMSTests/Info.plist";
				LD_RUNPATH_SEARCH_PATHS = (
					"$(inherited)",
					"@executable_path/Frameworks",
					"@loader_path/Frameworks",
				);
				PRODUCT_BUNDLE_IDENTIFIER = "single.----BMSTests";
				PRODUCT_NAME = "$(TARGET_NAME)";
				TARGETED_DEVICE_FAMILY = "1,2";
				TEST_HOST = "$(BUILT_PRODUCTS_DIR)/澳門物管BMS.app/澳門物管BMS";
			};
			name = Debug;
		};
		CB6C9BD521C1672300B5A9E9 /* Release */ = {
			isa = XCBuildConfiguration;
			buildSettings = {
				BUNDLE_LOADER = "$(TEST_HOST)";
				CODE_SIGN_STYLE = Automatic;
				INFOPLIST_FILE = "澳門物管BMSTests/Info.plist";
				LD_RUNPATH_SEARCH_PATHS = (
					"$(inherited)",
					"@executable_path/Frameworks",
					"@loader_path/Frameworks",
				);
				PRODUCT_BUNDLE_IDENTIFIER = "single.----BMSTests";
				PRODUCT_NAME = "$(TARGET_NAME)";
				TARGETED_DEVICE_FAMILY = "1,2";
				TEST_HOST = "$(BUILT_PRODUCTS_DIR)/澳門物管BMS.app/澳門物管BMS";
			};
			name = Release;
		};
		CB6C9BD721C1672300B5A9E9 /* Debug */ = {
			isa = XCBuildConfiguration;
			buildSettings = {
				CODE_SIGN_STYLE = Automatic;
				INFOPLIST_FILE = "澳門物管BMSUITests/Info.plist";
				LD_RUNPATH_SEARCH_PATHS = (
					"$(inherited)",
					"@executable_path/Frameworks",
					"@loader_path/Frameworks",
				);
				PRODUCT_BUNDLE_IDENTIFIER = "single.----BMSUITests";
				PRODUCT_NAME = "$(TARGET_NAME)";
				TARGETED_DEVICE_FAMILY = "1,2";
				TEST_TARGET_NAME = "澳門物管BMS";
			};
			name = Debug;
		};
		CB6C9BD821C1672300B5A9E9 /* Release */ = {
			isa = XCBuildConfiguration;
			buildSettings = {
				CODE_SIGN_STYLE = Automatic;
				INFOPLIST_FILE = "澳門物管BMSUITests/Info.plist";
				LD_RUNPATH_SEARCH_PATHS = (
					"$(inherited)",
					"@executable_path/Frameworks",
					"@loader_path/Frameworks",
				);
				PRODUCT_BUNDLE_IDENTIFIER = "single.----BMSUITests";
				PRODUCT_NAME = "$(TARGET_NAME)";
				TARGETED_DEVICE_FAMILY = "1,2";
				TEST_TARGET_NAME = "澳門物管BMS";
			};
			name = Release;
		};
/* End XCBuildConfiguration section */

/* Begin XCConfigurationList section */
		CB6C9B9F21C1672200B5A9E9 /* Build configuration list for PBXProject "澳門物管BMS" */ = {
			isa = XCConfigurationList;
			buildConfigurations = (
				CB6C9BCE21C1672300B5A9E9 /* Debug */,
				CB6C9BCF21C1672300B5A9E9 /* Release */,
			);
			defaultConfigurationIsVisible = 0;
			defaultConfigurationName = Release;
		};
		CB6C9BD021C1672300B5A9E9 /* Build configuration list for PBXNativeTarget "澳門物管BMS" */ = {
			isa = XCConfigurationList;
			buildConfigurations = (
				CB6C9BD121C1672300B5A9E9 /* Debug */,
				CB6C9BD221C1672300B5A9E9 /* Release */,
			);
			defaultConfigurationIsVisible = 0;
			defaultConfigurationName = Release;
		};
		CB6C9BD321C1672300B5A9E9 /* Build configuration list for PBXNativeTarget "澳門物管BMSTests" */ = {
			isa = XCConfigurationList;
			buildConfigurations = (
				CB6C9BD421C1672300B5A9E9 /* Debug */,
				CB6C9BD521C1672300B5A9E9 /* Release */,
			);
			defaultConfigurationIsVisible = 0;
			defaultConfigurationName = Release;
		};
		CB6C9BD621C1672300B5A9E9 /* Build configuration list for PBXNativeTarget "澳門物管BMSUITests" */ = {
			isa = XCConfigurationList;
			buildConfigurations = (
				CB6C9BD721C1672300B5A9E9 /* Debug */,
				CB6C9BD821C1672300B5A9E9 /* Release */,
			);
			defaultConfigurationIsVisible = 0;
			defaultConfigurationName = Release;
		};
/* End XCConfigurationList section */
	};
	rootObject = CB6C9B9C21C1672200B5A9E9 /* Project object */;
}
